// !$*UTF8*$!
{
	archiveVersion = 1;
	classes = {
	};
	objectVersion = 50;
	objects = {

/* Begin PBXBuildFile section */
		D379E2C9261ED9E40088214D /* LandmarksApp.swift in Sources */ = {isa = PBXBuildFile; fileRef = D379E2C8261ED9E40088214D /* LandmarksApp.swift */; };
		D379E2CB261ED9E40088214D /* ContentView.swift in Sources */ = {isa = PBXBuildFile; fileRef = D379E2CA261ED9E40088214D /* ContentView.swift */; };
		D379E2CD261ED9E70088214D /* Assets.xcassets in Resources */ = {isa = PBXBuildFile; fileRef = D379E2CC261ED9E70088214D /* Assets.xcassets */; };
		D379E2D0261ED9E70088214D /* Preview Assets.xcassets in Resources */ = {isa = PBXBuildFile; fileRef = D379E2CF261ED9E70088214D /* Preview Assets.xcassets */; };
		D379E2DB261ED9E80088214D /* LandmarksTests.swift in Sources */ = {isa = PBXBuildFile; fileRef = D379E2DA261ED9E80088214D /* LandmarksTests.swift */; };
		D379E2E6261ED9E80088214D /* LandmarksUITests.swift in Sources */ = {isa = PBXBuildFile; fileRef = D379E2E5261ED9E80088214D /* LandmarksUITests.swift */; };
		D379E2FF261EE7810088214D /* CircleImage.swift in Sources */ = {isa = PBXBuildFile; fileRef = D379E2FE261EE7810088214D /* CircleImage.swift */; };
		D379E307261FD9DE0088214D /* MapView.swift in Sources */ = {isa = PBXBuildFile; fileRef = D379E306261FD9DE0088214D /* MapView.swift */; };
		D379E30E261FE4650088214D /* landmarkData.json in Resources */ = {isa = PBXBuildFile; fileRef = D379E30D261FE4640088214D /* landmarkData.json */; };
		D379E313261FE4F50088214D /* Landmark.swift in Sources */ = {isa = PBXBuildFile; fileRef = D379E312261FE4F50088214D /* Landmark.swift */; };
		D379E318261FE77B0088214D /* ModelData.swift in Sources */ = {isa = PBXBuildFile; fileRef = D379E317261FE77B0088214D /* ModelData.swift */; };
		D379E31E261FEAAF0088214D /* LandmarkRow.swift in Sources */ = {isa = PBXBuildFile; fileRef = D379E31D261FEAAF0088214D /* LandmarkRow.swift */; };
		D39691A3262026A0001EF5B0 /* LandmarkList.swift in Sources */ = {isa = PBXBuildFile; fileRef = D39691A2262026A0001EF5B0 /* LandmarkList.swift */; };
/* End PBXBuildFile section */

/* Begin PBXContainerItemProxy section */
		D379E2D7261ED9E80088214D /* PBXContainerItemProxy */ = {
			isa = PBXContainerItemProxy;
			containerPortal = D379E2BD261ED9E40088214D /* Project object */;
			proxyType = 1;
			remoteGlobalIDString = D379E2C4261ED9E40088214D;
			remoteInfo = Landmarks;
		};
		D379E2E2261ED9E80088214D /* PBXContainerItemProxy */ = {
			isa = PBXContainerItemProxy;
			containerPortal = D379E2BD261ED9E40088214D /* Project object */;
			proxyType = 1;
			remoteGlobalIDString = D379E2C4261ED9E40088214D;
			remoteInfo = Landmarks;
		};
/* End PBXContainerItemProxy section */

/* Begin PBXFileReference section */
		D379E2C5261ED9E40088214D /* Landmarks.app */ = {isa = PBXFileReference; explicitFileType = wrapper.application; includeInIndex = 0; path = Landmarks.app; sourceTree = BUILT_PRODUCTS_DIR; };
		D379E2C8261ED9E40088214D /* LandmarksApp.swift */ = {isa = PBXFileReference; lastKnownFileType = sourcecode.swift; path = LandmarksApp.swift; sourceTree = "<group>"; };
		D379E2CA261ED9E40088214D /* ContentView.swift */ = {isa = PBXFileReference; lastKnownFileType = sourcecode.swift; path = ContentView.swift; sourceTree = "<group>"; };
		D379E2CC261ED9E70088214D /* Assets.xcassets */ = {isa = PBXFileReference; lastKnownFileType = folder.assetcatalog; path = Assets.xcassets; sourceTree = "<group>"; };
		D379E2CF261ED9E70088214D /* Preview Assets.xcassets */ = {isa = PBXFileReference; lastKnownFileType = folder.assetcatalog; path = "Preview Assets.xcassets"; sourceTree = "<group>"; };
		D379E2D1261ED9E70088214D /* Info.plist */ = {isa = PBXFileReference; lastKnownFileType = text.plist.xml; path = Info.plist; sourceTree = "<group>"; };
		D379E2D6261ED9E80088214D /* LandmarksTests.xctest */ = {isa = PBXFileReference; explicitFileType = wrapper.cfbundle; includeInIndex = 0; path = LandmarksTests.xctest; sourceTree = BUILT_PRODUCTS_DIR; };
		D379E2DA261ED9E80088214D /* LandmarksTests.swift */ = {isa = PBXFileReference; lastKnownFileType = sourcecode.swift; path = LandmarksTests.swift; sourceTree = "<group>"; };
		D379E2DC261ED9E80088214D /* Info.plist */ = {isa = PBXFileReference; lastKnownFileType = text.plist.xml; path = Info.plist; sourceTree = "<group>"; };
		D379E2E1261ED9E80088214D /* LandmarksUITests.xctest */ = {isa = PBXFileReference; explicitFileType = wrapper.cfbundle; includeInIndex = 0; path = LandmarksUITests.xctest; sourceTree = BUILT_PRODUCTS_DIR; };
		D379E2E5261ED9E80088214D /* LandmarksUITests.swift */ = {isa = PBXFileReference; lastKnownFileType = sourcecode.swift; path = LandmarksUITests.swift; sourceTree = "<group>"; };
		D379E2E7261ED9E80088214D /* Info.plist */ = {isa = PBXFileReference; lastKnownFileType = text.plist.xml; path = Info.plist; sourceTree = "<group>"; };
		D379E2FE261EE7810088214D /* CircleImage.swift */ = {isa = PBXFileReference; lastKnownFileType = sourcecode.swift; path = CircleImage.swift; sourceTree = "<group>"; };
		D379E306261FD9DE0088214D /* MapView.swift */ = {isa = PBXFileReference; lastKnownFileType = sourcecode.swift; path = MapView.swift; sourceTree = "<group>"; };
		D379E30D261FE4640088214D /* landmarkData.json */ = {isa = PBXFileReference; fileEncoding = 4; lastKnownFileType = text.json; path = landmarkData.json; sourceTree = "<group>"; };
		D379E312261FE4F50088214D /* Landmark.swift */ = {isa = PBXFileReference; lastKnownFileType = sourcecode.swift; path = Landmark.swift; sourceTree = "<group>"; };
		D379E317261FE77B0088214D /* ModelData.swift */ = {isa = PBXFileReference; lastKnownFileType = sourcecode.swift; path = ModelData.swift; sourceTree = "<group>"; };
		D379E31D261FEAAF0088214D /* LandmarkRow.swift */ = {isa = PBXFileReference; lastKnownFileType = sourcecode.swift; path = LandmarkRow.swift; sourceTree = "<group>"; };
		D39691A2262026A0001EF5B0 /* LandmarkList.swift */ = {isa = PBXFileReference; lastKnownFileType = sourcecode.swift; path = LandmarkList.swift; sourceTree = "<group>"; };
/* End PBXFileReference section */

/* Begin PBXFrameworksBuildPhase section */
		D379E2C2261ED9E40088214D /* Frameworks */ = {
			isa = PBXFrameworksBuildPhase;
			buildActionMask = 2147483647;
			files = (
			);
			runOnlyForDeploymentPostprocessing = 0;
		};
		D379E2D3261ED9E80088214D /* Frameworks */ = {
			isa = PBXFrameworksBuildPhase;
			buildActionMask = 2147483647;
			files = (
			);
			runOnlyForDeploymentPostprocessing = 0;
		};
		D379E2DE261ED9E80088214D /* Frameworks */ = {
			isa = PBXFrameworksBuildPhase;
			buildActionMask = 2147483647;
			files = (
			);
			runOnlyForDeploymentPostprocessing = 0;
		};
/* End PBXFrameworksBuildPhase section */

/* Begin PBXGroup section */
		D379E2BC261ED9E40088214D = {
			isa = PBXGroup;
			children = (
				D379E2C7261ED9E40088214D /* Landmarks */,
				D379E2D9261ED9E80088214D /* LandmarksTests */,
				D379E2E4261ED9E80088214D /* LandmarksUITests */,
				D379E2C6261ED9E40088214D /* Products */,
			);
			sourceTree = "<group>";
		};
		D379E2C6261ED9E40088214D /* Products */ = {
			isa = PBXGroup;
			children = (
				D379E2C5261ED9E40088214D /* Landmarks.app */,
				D379E2D6261ED9E80088214D /* LandmarksTests.xctest */,
				D379E2E1261ED9E80088214D /* LandmarksUITests.xctest */,
			);
			name = Products;
			sourceTree = "<group>";
		};
		D379E2C7261ED9E40088214D /* Landmarks */ = {
			isa = PBXGroup;
			children = (
				D379E31C261FE9F80088214D /* Views */,
				D379E30C261FE4300088214D /* Model */,
				D379E30B261FE41A0088214D /* Resources */,
				D379E2C8261ED9E40088214D /* LandmarksApp.swift */,
				D379E2CC261ED9E70088214D /* Assets.xcassets */,
				D379E2D1261ED9E70088214D /* Info.plist */,
				D379E2CE261ED9E70088214D /* Preview Content */,
			);
			path = Landmarks;
			sourceTree = "<group>";
		};
		D379E2CE261ED9E70088214D /* Preview Content */ = {
			isa = PBXGroup;
			children = (
				D379E2CF261ED9E70088214D /* Preview Assets.xcassets */,
			);
			path = "Preview Content";
			sourceTree = "<group>";
		};
		D379E2D9261ED9E80088214D /* LandmarksTests */ = {
			isa = PBXGroup;
			children = (
				D379E2DA261ED9E80088214D /* LandmarksTests.swift */,
				D379E2DC261ED9E80088214D /* Info.plist */,
			);
			path = LandmarksTests;
			sourceTree = "<group>";
		};
		D379E2E4261ED9E80088214D /* LandmarksUITests */ = {
			isa = PBXGroup;
			children = (
				D379E2E5261ED9E80088214D /* LandmarksUITests.swift */,
				D379E2E7261ED9E80088214D /* Info.plist */,
			);
			path = LandmarksUITests;
			sourceTree = "<group>";
		};
		D379E30B261FE41A0088214D /* Resources */ = {
			isa = PBXGroup;
			children = (
				D379E30D261FE4640088214D /* landmarkData.json */,
			);
			path = Resources;
			sourceTree = "<group>";
		};
		D379E30C261FE4300088214D /* Model */ = {
			isa = PBXGroup;
			children = (
				D379E317261FE77B0088214D /* ModelData.swift */,
				D379E312261FE4F50088214D /* Landmark.swift */,
			);
			path = Model;
			sourceTree = "<group>";
		};
		D379E31C261FE9F80088214D /* Views */ = {
			isa = PBXGroup;
			children = (
				D379E2FE261EE7810088214D /* CircleImage.swift */,
				D379E2CA261ED9E40088214D /* ContentView.swift */,
				D379E306261FD9DE0088214D /* MapView.swift */,
				D379E31D261FEAAF0088214D /* LandmarkRow.swift */,
				D39691A2262026A0001EF5B0 /* LandmarkList.swift */,
			);
			path = Views;
			sourceTree = "<group>";
		};
/* End PBXGroup section */

/* Begin PBXNativeTarget section */
		D379E2C4261ED9E40088214D /* Landmarks */ = {
			isa = PBXNativeTarget;
			buildConfigurationList = D379E2EA261ED9E80088214D /* Build configuration list for PBXNativeTarget "Landmarks" */;
			buildPhases = (
				D379E2C1261ED9E40088214D /* Sources */,
				D379E2C2261ED9E40088214D /* Frameworks */,
				D379E2C3261ED9E40088214D /* Resources */,
			);
			buildRules = (
			);
			dependencies = (
			);
			name = Landmarks;
			productName = Landmarks;
			productReference = D379E2C5261ED9E40088214D /* Landmarks.app */;
			productType = "com.apple.product-type.application";
		};
		D379E2D5261ED9E80088214D /* LandmarksTests */ = {
			isa = PBXNativeTarget;
			buildConfigurationList = D379E2ED261ED9E80088214D /* Build configuration list for PBXNativeTarget "LandmarksTests" */;
			buildPhases = (
				D379E2D2261ED9E80088214D /* Sources */,
				D379E2D3261ED9E80088214D /* Frameworks */,
				D379E2D4261ED9E80088214D /* Resources */,
			);
			buildRules = (
			);
			dependencies = (
				D379E2D8261ED9E80088214D /* PBXTargetDependency */,
			);
			name = LandmarksTests;
			productName = LandmarksTests;
			productReference = D379E2D6261ED9E80088214D /* LandmarksTests.xctest */;
			productType = "com.apple.product-type.bundle.unit-test";
		};
		D379E2E0261ED9E80088214D /* LandmarksUITests */ = {
			isa = PBXNativeTarget;
			buildConfigurationList = D379E2F0261ED9E80088214D /* Build configuration list for PBXNativeTarget "LandmarksUITests" */;
			buildPhases = (
				D379E2DD261ED9E80088214D /* Sources */,
				D379E2DE261ED9E80088214D /* Frameworks */,
				D379E2DF261ED9E80088214D /* Resources */,
			);
			buildRules = (
			);
			dependencies = (
				D379E2E3261ED9E80088214D /* PBXTargetDependency */,
			);
			name = LandmarksUITests;
			productName = LandmarksUITests;
			productReference = D379E2E1261ED9E80088214D /* LandmarksUITests.xctest */;
			productType = "com.apple.product-type.bundle.ui-testing";
		};
/* End PBXNativeTarget section */

/* Begin PBXProject section */
		D379E2BD261ED9E40088214D /* Project object */ = {
			isa = PBXProject;
			attributes = {
				LastSwiftUpdateCheck = 1240;
				LastUpgradeCheck = 1240;
				TargetAttributes = {
					D379E2C4261ED9E40088214D = {
						CreatedOnToolsVersion = 12.4;
					};
					D379E2D5261ED9E80088214D = {
						CreatedOnToolsVersion = 12.4;
						TestTargetID = D379E2C4261ED9E40088214D;
					};
					D379E2E0261ED9E80088214D = {
						CreatedOnToolsVersion = 12.4;
						TestTargetID = D379E2C4261ED9E40088214D;
					};
				};
			};
			buildConfigurationList = D379E2C0261ED9E40088214D /* Build configuration list for PBXProject "Landmarks" */;
			compatibilityVersion = "Xcode 9.3";
			developmentRegion = en;
			hasScannedForEncodings = 0;
			knownRegions = (
				en,
				Base,
			);
			mainGroup = D379E2BC261ED9E40088214D;
			productRefGroup = D379E2C6261ED9E40088214D /* Products */;
			projectDirPath = "";
			projectRoot = "";
			targets = (
				D379E2C4261ED9E40088214D /* Landmarks */,
				D379E2D5261ED9E80088214D /* LandmarksTests */,
				D379E2E0261ED9E80088214D /* LandmarksUITests */,
			);
		};
/* End PBXProject section */

/* Begin PBXResourcesBuildPhase section */
		D379E2C3261ED9E40088214D /* Resources */ = {
			isa = PBXResourcesBuildPhase;
			buildActionMask = 2147483647;
			files = (
				D379E2D0261ED9E70088214D /* Preview Assets.xcassets in Resources */,
				D379E2CD261ED9E70088214D /* Assets.xcassets in Resources */,
				D379E30E261FE4650088214D /* landmarkData.json in Resources */,
			);
			runOnlyForDeploymentPostprocessing = 0;
		};
		D379E2D4261ED9E80088214D /* Resources */ = {
			isa = PBXResourcesBuildPhase;
			buildActionMask = 2147483647;
			files = (
			);
			runOnlyForDeploymentPostprocessing = 0;
		};
		D379E2DF261ED9E80088214D /* Resources */ = {
			isa = PBXResourcesBuildPhase;
			buildActionMask = 2147483647;
			files = (
			);
			runOnlyForDeploymentPostprocessing = 0;
		};
/* End PBXResourcesBuildPhase section */

/* Begin PBXSourcesBuildPhase section */
		D379E2C1261ED9E40088214D /* Sources */ = {
			isa = PBXSourcesBuildPhase;
			buildActionMask = 2147483647;
			files = (
				D379E2CB261ED9E40088214D /* ContentView.swift in Sources */,
				D379E307261FD9DE0088214D /* MapView.swift in Sources */,
				D379E2C9261ED9E40088214D /* LandmarksApp.swift in Sources */,
				D39691A3262026A0001EF5B0 /* LandmarkList.swift in Sources */,
				D379E2FF261EE7810088214D /* CircleImage.swift in Sources */,
				D379E313261FE4F50088214D /* Landmark.swift in Sources */,
				D379E31E261FEAAF0088214D /* LandmarkRow.swift in Sources */,
				D379E318261FE77B0088214D /* ModelData.swift in Sources */,
			);
			runOnlyForDeploymentPostprocessing = 0;
		};
		D379E2D2261ED9E80088214D /* Sources */ = {
			isa = PBXSourcesBuildPhase;
			buildActionMask = 2147483647;
			files = (
				D379E2DB261ED9E80088214D /* LandmarksTests.swift in Sources */,
			);
			runOnlyForDeploymentPostprocessing = 0;
		};
		D379E2DD261ED9E80088214D /* Sources */ = {
			isa = PBXSourcesBuildPhase;
			buildActionMask = 2147483647;
			files = (
				D379E2E6261ED9E80088214D /* LandmarksUITests.swift in Sources */,
			);
			runOnlyForDeploymentPostprocessing = 0;
		};
/* End PBXSourcesBuildPhase section */

/* Begin PBXTargetDependency section */
		D379E2D8261ED9E80088214D /* PBXTargetDependency */ = {
			isa = PBXTargetDependency;
			target = D379E2C4261ED9E40088214D /* Landmarks */;
			targetProxy = D379E2D7261ED9E80088214D /* PBXContainerItemProxy */;
		};
		D379E2E3261ED9E80088214D /* PBXTargetDependency */ = {
			isa = PBXTargetDependency;
			target = D379E2C4261ED9E40088214D /* Landmarks */;
			targetProxy = D379E2E2261ED9E80088214D /* PBXContainerItemProxy */;
		};
/* End PBXTargetDependency section */

/* Begin XCBuildConfiguration section */
		D379E2E8261ED9E80088214D /* Debug */ = {
			isa = XCBuildConfiguration;
			buildSettings = {
				ALWAYS_SEARCH_USER_PATHS = NO;
				CLANG_ANALYZER_NONNULL = YES;
				CLANG_ANALYZER_NUMBER_OBJECT_CONVERSION = YES_AGGRESSIVE;
				CLANG_CXX_LANGUAGE_STANDARD = "gnu++14";
				CLANG_CXX_LIBRARY = "libc++";
				CLANG_ENABLE_MODULES = YES;
				CLANG_ENABLE_OBJC_ARC = YES;
				CLANG_ENABLE_OBJC_WEAK = YES;
				CLANG_WARN_BLOCK_CAPTURE_AUTORELEASING = YES;
				CLANG_WARN_BOOL_CONVERSION = YES;
				CLANG_WARN_COMMA = YES;
				CLANG_WARN_CONSTANT_CONVERSION = YES;
				CLANG_WARN_DEPRECATED_OBJC_IMPLEMENTATIONS = YES;
				CLANG_WARN_DIRECT_OBJC_ISA_USAGE = YES_ERROR;
				CLANG_WARN_DOCUMENTATION_COMMENTS = YES;
				CLANG_WARN_EMPTY_BODY = YES;
				CLANG_WARN_ENUM_CONVERSION = YES;
				CLANG_WARN_INFINITE_RECURSION = YES;
				CLANG_WARN_INT_CONVERSION = YES;
				CLANG_WARN_NON_LITERAL_NULL_CONVERSION = YES;
				CLANG_WARN_OBJC_IMPLICIT_RETAIN_SELF = YES;
				CLANG_WARN_OBJC_LITERAL_CONVERSION = YES;
				CLANG_WARN_OBJC_ROOT_CLASS = YES_ERROR;
				CLANG_WARN_QUOTED_INCLUDE_IN_FRAMEWORK_HEADER = YES;
				CLANG_WARN_RANGE_LOOP_ANALYSIS = YES;
				CLANG_WARN_STRICT_PROTOTYPES = YES;
				CLANG_WARN_SUSPICIOUS_MOVE = YES;
				CLANG_WARN_UNGUARDED_AVAILABILITY = YES_AGGRESSIVE;
				CLANG_WARN_UNREACHABLE_CODE = YES;
				CLANG_WARN__DUPLICATE_METHOD_MATCH = YES;
				COPY_PHASE_STRIP = NO;
				DEBUG_INFORMATION_FORMAT = dwarf;
				ENABLE_STRICT_OBJC_MSGSEND = YES;
				ENABLE_TESTABILITY = YES;
				GCC_C_LANGUAGE_STANDARD = gnu11;
				GCC_DYNAMIC_NO_PIC = NO;
				GCC_NO_COMMON_BLOCKS = YES;
				GCC_OPTIMIZATION_LEVEL = 0;
				GCC_PREPROCESSOR_DEFINITIONS = (
					"DEBUG=1",
					"$(inherited)",
				);
				GCC_WARN_64_TO_32_BIT_CONVERSION = YES;
				GCC_WARN_ABOUT_RETURN_TYPE = YES_ERROR;
				GCC_WARN_UNDECLARED_SELECTOR = YES;
				GCC_WARN_UNINITIALIZED_AUTOS = YES_AGGRESSIVE;
				GCC_WARN_UNUSED_FUNCTION = YES;
				GCC_WARN_UNUSED_VARIABLE = YES;
				IPHONEOS_DEPLOYMENT_TARGET = 14.4;
				MTL_ENABLE_DEBUG_INFO = INCLUDE_SOURCE;
				MTL_FAST_MATH = YES;
				ONLY_ACTIVE_ARCH = YES;
				SDKROOT = iphoneos;
				SWIFT_ACTIVE_COMPILATION_CONDITIONS = DEBUG;
				SWIFT_OPTIMIZATION_LEVEL = "-Onone";
			};
			name = Debug;
		};
		D379E2E9261ED9E80088214D /* Release */ = {
			isa = XCBuildConfiguration;
			buildSettings = {
				ALWAYS_SEARCH_USER_PATHS = NO;
				CLANG_ANALYZER_NONNULL = YES;
				CLANG_ANALYZER_NUMBER_OBJECT_CONVERSION = YES_AGGRESSIVE;
				CLANG_CXX_LANGUAGE_STANDARD = "gnu++14";
				CLANG_CXX_LIBRARY = "libc++";
				CLANG_ENABLE_MODULES = YES;
				CLANG_ENABLE_OBJC_ARC = YES;
				CLANG_ENABLE_OBJC_WEAK = YES;
				CLANG_WARN_BLOCK_CAPTURE_AUTORELEASING = YES;
				CLANG_WARN_BOOL_CONVERSION = YES;
				CLANG_WARN_COMMA = YES;
				CLANG_WARN_CONSTANT_CONVERSION = YES;
				CLANG_WARN_DEPRECATED_OBJC_IMPLEMENTATIONS = YES;
				CLANG_WARN_DIRECT_OBJC_ISA_USAGE = YES_ERROR;
				CLANG_WARN_DOCUMENTATION_COMMENTS = YES;
				CLANG_WARN_EMPTY_BODY = YES;
				CLANG_WARN_ENUM_CONVERSION = YES;
				CLANG_WARN_INFINITE_RECURSION = YES;
				CLANG_WARN_INT_CONVERSION = YES;
				CLANG_WARN_NON_LITERAL_NULL_CONVERSION = YES;
				CLANG_WARN_OBJC_IMPLICIT_RETAIN_SELF = YES;
				CLANG_WARN_OBJC_LITERAL_CONVERSION = YES;
				CLANG_WARN_OBJC_ROOT_CLASS = YES_ERROR;
				CLANG_WARN_QUOTED_INCLUDE_IN_FRAMEWORK_HEADER = YES;
				CLANG_WARN_RANGE_LOOP_ANALYSIS = YES;
				CLANG_WARN_STRICT_PROTOTYPES = YES;
				CLANG_WARN_SUSPICIOUS_MOVE = YES;
				CLANG_WARN_UNGUARDED_AVAILABILITY = YES_AGGRESSIVE;
				CLANG_WARN_UNREACHABLE_CODE = YES;
				CLANG_WARN__DUPLICATE_METHOD_MATCH = YES;
				COPY_PHASE_STRIP = NO;
				DEBUG_INFORMATION_FORMAT = "dwarf-with-dsym";
				ENABLE_NS_ASSERTIONS = NO;
				ENABLE_STRICT_OBJC_MSGSEND = YES;
				GCC_C_LANGUAGE_STANDARD = gnu11;
				GCC_NO_COMMON_BLOCKS = YES;
				GCC_WARN_64_TO_32_BIT_CONVERSION = YES;
				GCC_WARN_ABOUT_RETURN_TYPE = YES_ERROR;
				GCC_WARN_UNDECLARED_SELECTOR = YES;
				GCC_WARN_UNINITIALIZED_AUTOS = YES_AGGRESSIVE;
				GCC_WARN_UNUSED_FUNCTION = YES;
				GCC_WARN_UNUSED_VARIABLE = YES;
				IPHONEOS_DEPLOYMENT_TARGET = 14.4;
				MTL_ENABLE_DEBUG_INFO = NO;
				MTL_FAST_MATH = YES;
				SDKROOT = iphoneos;
				SWIFT_COMPILATION_MODE = wholemodule;
				SWIFT_OPTIMIZATION_LEVEL = "-O";
				VALIDATE_PRODUCT = YES;
			};
			name = Release;
		};
		D379E2EB261ED9E80088214D /* Debug */ = {
			isa = XCBuildConfiguration;
			buildSettings = {
				ASSETCATALOG_COMPILER_APPICON_NAME = AppIcon;
				ASSETCATALOG_COMPILER_GLOBAL_ACCENT_COLOR_NAME = AccentColor;
				CODE_SIGN_STYLE = Automatic;
				DEVELOPMENT_ASSET_PATHS = "\"Landmarks/Preview Content\"";
				DEVELOPMENT_TEAM = 3C9BUVNG4D;
				ENABLE_PREVIEWS = YES;
				INFOPLIST_FILE = Landmarks/Info.plist;
				IPHONEOS_DEPLOYMENT_TARGET = 14.0;
				LD_RUNPATH_SEARCH_PATHS = (
					"$(inherited)",
					"@executable_path/Frameworks",
				);
				PRODUCT_BUNDLE_IDENTIFIER = jp.smaphonia.Landmarks;
				PRODUCT_NAME = "$(TARGET_NAME)";
				SWIFT_VERSION = 5.0;
				TARGETED_DEVICE_FAMILY = "1,2";
			};
			name = Debug;
		};
		D379E2EC261ED9E80088214D /* Release */ = {
			isa = XCBuildConfiguration;
			buildSettings = {
				ASSETCATALOG_COMPILER_APPICON_NAME = AppIcon;
				ASSETCATALOG_COMPILER_GLOBAL_ACCENT_COLOR_NAME = AccentColor;
				CODE_SIGN_STYLE = Automatic;
				DEVELOPMENT_ASSET_PATHS = "\"Landmarks/Preview Content\"";
				DEVELOPMENT_TEAM = 3C9BUVNG4D;
				ENABLE_PREVIEWS = YES;
				INFOPLIST_FILE = Landmarks/Info.plist;
				IPHONEOS_DEPLOYMENT_TARGET = 14.0;
				LD_RUNPATH_SEARCH_PATHS = (
					"$(inherited)",
					"@executable_path/Frameworks",
				);
				PRODUCT_BUNDLE_IDENTIFIER = jp.smaphonia.Landmarks;
				PRODUCT_NAME = "$(TARGET_NAME)";
				SWIFT_VERSION = 5.0;
				TARGETED_DEVICE_FAMILY = "1,2";
			};
			name = Release;
		};
		D379E2EE261ED9E80088214D /* Debug */ = {
			isa = XCBuildConfiguration;
			buildSettings = {
				ALWAYS_EMBED_SWIFT_STANDARD_LIBRARIES = YES;
				BUNDLE_LOADER = "$(TEST_HOST)";
				CODE_SIGN_STYLE = Automatic;
				DEVELOPMENT_TEAM = 3C9BUVNG4D;
				INFOPLIST_FILE = LandmarksTests/Info.plist;
				IPHONEOS_DEPLOYMENT_TARGET = 14.0;
				LD_RUNPATH_SEARCH_PATHS = (
					"$(inherited)",
					"@executable_path/Frameworks",
					"@loader_path/Frameworks",
				);
				PRODUCT_BUNDLE_IDENTIFIER = jp.smaphonia.LandmarksTests;
				PRODUCT_NAME = "$(TARGET_NAME)";
				SWIFT_VERSION = 5.0;
				TARGETED_DEVICE_FAMILY = "1,2";
				TEST_HOST = "$(BUILT_PRODUCTS_DIR)/Landmarks.app/Landmarks";
			};
			name = Debug;
		};
		D379E2EF261ED9E80088214D /* Release */ = {
			isa = XCBuildConfiguration;
			buildSettings = {
				ALWAYS_EMBED_SWIFT_STANDARD_LIBRARIES = YES;
				BUNDLE_LOADER = "$(TEST_HOST)";
				CODE_SIGN_STYLE = Automatic;
				DEVELOPMENT_TEAM = 3C9BUVNG4D;
				INFOPLIST_FILE = LandmarksTests/Info.plist;
				IPHONEOS_DEPLOYMENT_TARGET = 14.0;
				LD_RUNPATH_SEARCH_PATHS = (
					"$(inherited)",
					"@executable_path/Frameworks",
					"@loader_path/Frameworks",
				);
				PRODUCT_BUNDLE_IDENTIFIER = jp.smaphonia.LandmarksTests;
				PRODUCT_NAME = "$(TARGET_NAME)";
				SWIFT_VERSION = 5.0;
				TARGETED_DEVICE_FAMILY = "1,2";
				TEST_HOST = "$(BUILT_PRODUCTS_DIR)/Landmarks.app/Landmarks";
			};
			name = Release;
		};
		D379E2F1261ED9E80088214D /* Debug */ = {
			isa = XCBuildConfiguration;
			buildSettings = {
				ALWAYS_EMBED_SWIFT_STANDARD_LIBRARIES = YES;
				CODE_SIGN_STYLE = Automatic;
				DEVELOPMENT_TEAM = 3C9BUVNG4D;
				INFOPLIST_FILE = LandmarksUITests/Info.plist;
				LD_RUNPATH_SEARCH_PATHS = (
					"$(inherited)",
					"@executable_path/Frameworks",
					"@loader_path/Frameworks",
				);
				PRODUCT_BUNDLE_IDENTIFIER = jp.smaphonia.LandmarksUITests;
				PRODUCT_NAME = "$(TARGET_NAME)";
				SWIFT_VERSION = 5.0;
				TARGETED_DEVICE_FAMILY = "1,2";
				TEST_TARGET_NAME = Landmarks;
			};
			name = Debug;
		};
		D379E2F2261ED9E80088214D /* Release */ = {
			isa = XCBuildConfiguration;
			buildSettings = {
				ALWAYS_EMBED_SWIFT_STANDARD_LIBRARIES = YES;
				CODE_SIGN_STYLE = Automatic;
				DEVELOPMENT_TEAM = 3C9BUVNG4D;
				INFOPLIST_FILE = LandmarksUITests/Info.plist;
				LD_RUNPATH_SEARCH_PATHS = (
					"$(inherited)",
					"@executable_path/Frameworks",
					"@loader_path/Frameworks",
				);
				PRODUCT_BUNDLE_IDENTIFIER = jp.smaphonia.LandmarksUITests;
				PRODUCT_NAME = "$(TARGET_NAME)";
				SWIFT_VERSION = 5.0;
				TARGETED_DEVICE_FAMILY = "1,2";
				TEST_TARGET_NAME = Landmarks;
			};
			name = Release;
		};
/* End XCBuildConfiguration section */

/* Begin XCConfigurationList section */
		D379E2C0261ED9E40088214D /* Build configuration list for PBXProject "Landmarks" */ = {
			isa = XCConfigurationList;
			buildConfigurations = (
				D379E2E8261ED9E80088214D /* Debug */,
				D379E2E9261ED9E80088214D /* Release */,
			);
			defaultConfigurationIsVisible = 0;
			defaultConfigurationName = Release;
		};
		D379E2EA261ED9E80088214D /* Build configuration list for PBXNativeTarget "Landmarks" */ = {
			isa = XCConfigurationList;
			buildConfigurations = (
				D379E2EB261ED9E80088214D /* Debug */,
				D379E2EC261ED9E80088214D /* Release */,
			);
			defaultConfigurationIsVisible = 0;
			defaultConfigurationName = Release;
		};
		D379E2ED261ED9E80088214D /* Build configuration list for PBXNativeTarget "LandmarksTests" */ = {
			isa = XCConfigurationList;
			buildConfigurations = (
				D379E2EE261ED9E80088214D /* Debug */,
				D379E2EF261ED9E80088214D /* Release */,
			);
			defaultConfigurationIsVisible = 0;
			defaultConfigurationName = Release;
		};
		D379E2F0261ED9E80088214D /* Build configuration list for PBXNativeTarget "LandmarksUITests" */ = {
			isa = XCConfigurationList;
			buildConfigurations = (
				D379E2F1261ED9E80088214D /* Debug */,
				D379E2F2261ED9E80088214D /* Release */,
			);
			defaultConfigurationIsVisible = 0;
			defaultConfigurationName = Release;
		};
/* End XCConfigurationList section */
	};
	rootObject = D379E2BD261ED9E40088214D /* Project object */;
}
