// !$*UTF8*$!
{
	archiveVersion = 1;
	classes = {
	};
	objectVersion = 50;
	objects = {

/* Begin PBXBuildFile section */
		D36AA7852622B2F1001C2ECF /* CategoryHome.swift in Sources */ = {isa = PBXBuildFile; fileRef = D36AA7842622B2F1001C2ECF /* CategoryHome.swift */; };
		D36AA7902622B4E9001C2ECF /* CategoryRow.swift in Sources */ = {isa = PBXBuildFile; fileRef = D36AA78F2622B4E9001C2ECF /* CategoryRow.swift */; };
		D36AA7952622B71C001C2ECF /* CategoryItem.swift in Sources */ = {isa = PBXBuildFile; fileRef = D36AA7942622B71C001C2ECF /* CategoryItem.swift */; };
		D36AA79A262394D4001C2ECF /* Profile.swift in Sources */ = {isa = PBXBuildFile; fileRef = D36AA799262394D4001C2ECF /* Profile.swift */; };
		D36AA7A02623A415001C2ECF /* ProfileHost.swift in Sources */ = {isa = PBXBuildFile; fileRef = D36AA79F2623A415001C2ECF /* ProfileHost.swift */; };
		D36AA7A52623B189001C2ECF /* ProfileSummary.swift in Sources */ = {isa = PBXBuildFile; fileRef = D36AA7A42623B189001C2ECF /* ProfileSummary.swift */; };
		D36AA7AA2623B323001C2ECF /* HikeBadge.swift in Sources */ = {isa = PBXBuildFile; fileRef = D36AA7A92623B323001C2ECF /* HikeBadge.swift */; };
		D36AA7BE2623C4B7001C2ECF /* ProfileEditor.swift in Sources */ = {isa = PBXBuildFile; fileRef = D36AA7BD2623C4B6001C2ECF /* ProfileEditor.swift */; };
		D36AA7C42623CB9D001C2ECF /* PageViewController.swift in Sources */ = {isa = PBXBuildFile; fileRef = D36AA7C32623CB9D001C2ECF /* PageViewController.swift */; };
		D36AA7C92623CE67001C2ECF /* FeatureCard.swift in Sources */ = {isa = PBXBuildFile; fileRef = D36AA7C82623CE67001C2ECF /* FeatureCard.swift */; };
		D36AA7CE2623D135001C2ECF /* PageView.swift in Sources */ = {isa = PBXBuildFile; fileRef = D36AA7CD2623D135001C2ECF /* PageView.swift */; };
		D36AA7DC26240156001C2ECF /* PageControl.swift in Sources */ = {isa = PBXBuildFile; fileRef = D36AA7DB26240155001C2ECF /* PageControl.swift */; };
		D36AA7E5262405A7001C2ECF /* Assets.xcassets in Resources */ = {isa = PBXBuildFile; fileRef = D36AA7E4262405A7001C2ECF /* Assets.xcassets */; };
		D36AA7EC262405A7001C2ECF /* WatchLandmarks Extension.appex in Embed App Extensions */ = {isa = PBXBuildFile; fileRef = D36AA7EB262405A7001C2ECF /* WatchLandmarks Extension.appex */; settings = {ATTRIBUTES = (RemoveHeadersOnCopy, ); }; };
		D36AA7F3262405A7001C2ECF /* ContentView.swift in Sources */ = {isa = PBXBuildFile; fileRef = D36AA7F2262405A7001C2ECF /* ContentView.swift */; };
		D36AA7F5262405A7001C2ECF /* NotificationController.swift in Sources */ = {isa = PBXBuildFile; fileRef = D36AA7F4262405A7001C2ECF /* NotificationController.swift */; };
		D36AA7F7262405A7001C2ECF /* NotificationView.swift in Sources */ = {isa = PBXBuildFile; fileRef = D36AA7F6262405A7001C2ECF /* NotificationView.swift */; };
		D36AA7F9262405A7001C2ECF /* ComplicationController.swift in Sources */ = {isa = PBXBuildFile; fileRef = D36AA7F8262405A7001C2ECF /* ComplicationController.swift */; };
		D36AA7FB262405AA001C2ECF /* Assets.xcassets in Resources */ = {isa = PBXBuildFile; fileRef = D36AA7FA262405AA001C2ECF /* Assets.xcassets */; };
		D36AA7FE262405AA001C2ECF /* Preview Assets.xcassets in Resources */ = {isa = PBXBuildFile; fileRef = D36AA7FD262405AA001C2ECF /* Preview Assets.xcassets */; };
		D36AA803262405AA001C2ECF /* WatchLandmarks.app in Embed Watch Content */ = {isa = PBXBuildFile; fileRef = D36AA7E2262405A4001C2ECF /* WatchLandmarks.app */; settings = {ATTRIBUTES = (RemoveHeadersOnCopy, ); }; };
		D36AA81B26240EAE001C2ECF /* Landmark.swift in Sources */ = {isa = PBXBuildFile; fileRef = D379E312261FE4F50088214D /* Landmark.swift */; };
		D36AA81C26240EAE001C2ECF /* LandmarkRow.swift in Sources */ = {isa = PBXBuildFile; fileRef = D379E31D261FEAAF0088214D /* LandmarkRow.swift */; };
		D36AA81D26240EAE001C2ECF /* Hike.swift in Sources */ = {isa = PBXBuildFile; fileRef = D3F640562622A98E0073F684 /* Hike.swift */; };
		D36AA81E26240EAE001C2ECF /* landmarkData.json in Resources */ = {isa = PBXBuildFile; fileRef = D379E30D261FE4640088214D /* landmarkData.json */; };
		D36AA81F26240EAE001C2ECF /* hikeData.json in Resources */ = {isa = PBXBuildFile; fileRef = D3F640512622A95C0073F684 /* hikeData.json */; };
		D36AA82026240EAE001C2ECF /* Profile.swift in Sources */ = {isa = PBXBuildFile; fileRef = D36AA799262394D4001C2ECF /* Profile.swift */; };
		D36AA82126240EAE001C2ECF /* MapView.swift in Sources */ = {isa = PBXBuildFile; fileRef = D379E306261FD9DE0088214D /* MapView.swift */; };
		D36AA82226240EAE001C2ECF /* LandmarksApp.swift in Sources */ = {isa = PBXBuildFile; fileRef = D379E2C8261ED9E40088214D /* LandmarksApp.swift */; };
		D36AA82326240EAE001C2ECF /* Assets.xcassets in Resources */ = {isa = PBXBuildFile; fileRef = D379E2CC261ED9E70088214D /* Assets.xcassets */; };
		D36AA82426240EAE001C2ECF /* ModelData.swift in Sources */ = {isa = PBXBuildFile; fileRef = D379E317261FE77B0088214D /* ModelData.swift */; };
		D36AA82526240EAE001C2ECF /* CircleImage.swift in Sources */ = {isa = PBXBuildFile; fileRef = D379E2FE261EE7810088214D /* CircleImage.swift */; };
		D36AA82D26241028001C2ECF /* LandmarkDetail.swift in Sources */ = {isa = PBXBuildFile; fileRef = D36AA82C26241028001C2ECF /* LandmarkDetail.swift */; };
		D36AA84326241FB2001C2ECF /* ContentView.swift in Sources */ = {isa = PBXBuildFile; fileRef = D36AA84226241FB2001C2ECF /* ContentView.swift */; };
		D36AA84526241FB7001C2ECF /* Assets.xcassets in Resources */ = {isa = PBXBuildFile; fileRef = D36AA84426241FB7001C2ECF /* Assets.xcassets */; };
		D36AA84826241FB7001C2ECF /* Preview Assets.xcassets in Resources */ = {isa = PBXBuildFile; fileRef = D36AA84726241FB7001C2ECF /* Preview Assets.xcassets */; };
		D36AA85426241FB7001C2ECF /* MacLandmarksTests.swift in Sources */ = {isa = PBXBuildFile; fileRef = D36AA85326241FB7001C2ECF /* MacLandmarksTests.swift */; };
		D36AA85F26241FB7001C2ECF /* MacLandmarksUITests.swift in Sources */ = {isa = PBXBuildFile; fileRef = D36AA85E26241FB7001C2ECF /* MacLandmarksUITests.swift */; };
		D36AA87A262420B2001C2ECF /* LandmarkList.swift in Sources */ = {isa = PBXBuildFile; fileRef = D39691A2262026A0001EF5B0 /* LandmarkList.swift */; };
		D36AA87B262420B2001C2ECF /* MapView.swift in Sources */ = {isa = PBXBuildFile; fileRef = D379E306261FD9DE0088214D /* MapView.swift */; };
		D36AA87C262420B2001C2ECF /* CircleImage.swift in Sources */ = {isa = PBXBuildFile; fileRef = D379E2FE261EE7810088214D /* CircleImage.swift */; };
		D36AA87D262420B2001C2ECF /* hikeData.json in Resources */ = {isa = PBXBuildFile; fileRef = D3F640512622A95C0073F684 /* hikeData.json */; };
		D36AA87E262420B2001C2ECF /* FavoriteButton.swift in Sources */ = {isa = PBXBuildFile; fileRef = D37A742A26227BF90022FBE1 /* FavoriteButton.swift */; };
		D36AA87F262420B2001C2ECF /* Assets.xcassets in Resources */ = {isa = PBXBuildFile; fileRef = D379E2CC261ED9E70088214D /* Assets.xcassets */; };
		D36AA880262420B2001C2ECF /* LandmarkRow.swift in Sources */ = {isa = PBXBuildFile; fileRef = D379E31D261FEAAF0088214D /* LandmarkRow.swift */; };
		D36AA881262420B2001C2ECF /* Landmark.swift in Sources */ = {isa = PBXBuildFile; fileRef = D379E312261FE4F50088214D /* Landmark.swift */; };
		D36AA882262420B2001C2ECF /* landmarkData.json in Resources */ = {isa = PBXBuildFile; fileRef = D379E30D261FE4640088214D /* landmarkData.json */; };
		D36AA883262420B2001C2ECF /* LandmarksApp.swift in Sources */ = {isa = PBXBuildFile; fileRef = D379E2C8261ED9E40088214D /* LandmarksApp.swift */; };
		D36AA884262420B2001C2ECF /* Profile.swift in Sources */ = {isa = PBXBuildFile; fileRef = D36AA799262394D4001C2ECF /* Profile.swift */; };
		D36AA885262420B2001C2ECF /* Hike.swift in Sources */ = {isa = PBXBuildFile; fileRef = D3F640562622A98E0073F684 /* Hike.swift */; };
		D36AA886262420B2001C2ECF /* ModelData.swift in Sources */ = {isa = PBXBuildFile; fileRef = D379E317261FE77B0088214D /* ModelData.swift */; };
		D36AA890262421EB001C2ECF /* LandmarkDetail.swift in Sources */ = {isa = PBXBuildFile; fileRef = D36AA88F262421EB001C2ECF /* LandmarkDetail.swift */; };
		D379E2C9261ED9E40088214D /* LandmarksApp.swift in Sources */ = {isa = PBXBuildFile; fileRef = D379E2C8261ED9E40088214D /* LandmarksApp.swift */; };
		D379E2CB261ED9E40088214D /* ContentView.swift in Sources */ = {isa = PBXBuildFile; fileRef = D379E2CA261ED9E40088214D /* ContentView.swift */; };
		D379E2CD261ED9E70088214D /* Assets.xcassets in Resources */ = {isa = PBXBuildFile; fileRef = D379E2CC261ED9E70088214D /* Assets.xcassets */; };
		D379E2D0261ED9E70088214D /* Preview Assets.xcassets in Resources */ = {isa = PBXBuildFile; fileRef = D379E2CF261ED9E70088214D /* Preview Assets.xcassets */; };
		D379E2DB261ED9E80088214D /* LandmarksTests.swift in Sources */ = {isa = PBXBuildFile; fileRef = D379E2DA261ED9E80088214D /* LandmarksTests.swift */; };
		D379E2E6261ED9E80088214D /* LandmarksUITests.swift in Sources */ = {isa = PBXBuildFile; fileRef = D379E2E5261ED9E80088214D /* LandmarksUITests.swift */; };
		D379E2FF261EE7810088214D /* CircleImage.swift in Sources */ = {isa = PBXBuildFile; fileRef = D379E2FE261EE7810088214D /* CircleImage.swift */; };
		D379E307261FD9DE0088214D /* MapView.swift in Sources */ = {isa = PBXBuildFile; fileRef = D379E306261FD9DE0088214D /* MapView.swift */; };
		D379E30E261FE4650088214D /* landmarkData.json in Resources */ = {isa = PBXBuildFile; fileRef = D379E30D261FE4640088214D /* landmarkData.json */; };
		D379E313261FE4F50088214D /* Landmark.swift in Sources */ = {isa = PBXBuildFile; fileRef = D379E312261FE4F50088214D /* Landmark.swift */; };
		D379E318261FE77B0088214D /* ModelData.swift in Sources */ = {isa = PBXBuildFile; fileRef = D379E317261FE77B0088214D /* ModelData.swift */; };
		D379E31E261FEAAF0088214D /* LandmarkRow.swift in Sources */ = {isa = PBXBuildFile; fileRef = D379E31D261FEAAF0088214D /* LandmarkRow.swift */; };
		D37A742B26227BF90022FBE1 /* FavoriteButton.swift in Sources */ = {isa = PBXBuildFile; fileRef = D37A742A26227BF90022FBE1 /* FavoriteButton.swift */; };
		D39691A3262026A0001EF5B0 /* LandmarkList.swift in Sources */ = {isa = PBXBuildFile; fileRef = D39691A2262026A0001EF5B0 /* LandmarkList.swift */; };
		D39691A8262027B2001EF5B0 /* LandmarkDetail.swift in Sources */ = {isa = PBXBuildFile; fileRef = D39691A7262027B2001EF5B0 /* LandmarkDetail.swift */; };
		D3A0D0BA26266BA30094559D /* LandmarkList.swift in Sources */ = {isa = PBXBuildFile; fileRef = D3A0D0B926266BA30094559D /* LandmarkList.swift */; };
		D3A0D0F4262674B10094559D /* LandmarkCommands.swift in Sources */ = {isa = PBXBuildFile; fileRef = D3A0D0F3262674B10094559D /* LandmarkCommands.swift */; };
		D3A0D0F5262674B10094559D /* LandmarkCommands.swift in Sources */ = {isa = PBXBuildFile; fileRef = D3A0D0F3262674B10094559D /* LandmarkCommands.swift */; };
		D3A0D0FF26267CF90094559D /* LandmarkSettings.swift in Sources */ = {isa = PBXBuildFile; fileRef = D3A0D0FE26267CF90094559D /* LandmarkSettings.swift */; };
		D3F6403526228C760073F684 /* HexagonParameters.swift in Sources */ = {isa = PBXBuildFile; fileRef = D3F6403426228C760073F684 /* HexagonParameters.swift */; };
		D3F6403A26228EBF0073F684 /* BadgeBackground.swift in Sources */ = {isa = PBXBuildFile; fileRef = D3F6403926228EBF0073F684 /* BadgeBackground.swift */; };
		D3F64042262298F60073F684 /* BadgeSymbol.swift in Sources */ = {isa = PBXBuildFile; fileRef = D3F64041262298F60073F684 /* BadgeSymbol.swift */; };
		D3F64047262299E50073F684 /* RotatedBadgeSymbol.swift in Sources */ = {isa = PBXBuildFile; fileRef = D3F64046262299E50073F684 /* RotatedBadgeSymbol.swift */; };
		D3F6404C26229A7D0073F684 /* Badge.swift in Sources */ = {isa = PBXBuildFile; fileRef = D3F6404B26229A7D0073F684 /* Badge.swift */; };
		D3F640522622A95C0073F684 /* hikeData.json in Resources */ = {isa = PBXBuildFile; fileRef = D3F640512622A95C0073F684 /* hikeData.json */; };
		D3F640572622A98E0073F684 /* Hike.swift in Sources */ = {isa = PBXBuildFile; fileRef = D3F640562622A98E0073F684 /* Hike.swift */; };
		D3F640602622AB830073F684 /* GraphCapsule.swift in Sources */ = {isa = PBXBuildFile; fileRef = D3F6405C2622AB830073F684 /* GraphCapsule.swift */; };
		D3F640612622AB830073F684 /* HikeGraph.swift in Sources */ = {isa = PBXBuildFile; fileRef = D3F6405D2622AB830073F684 /* HikeGraph.swift */; };
		D3F640622622AB830073F684 /* HikeDetail.swift in Sources */ = {isa = PBXBuildFile; fileRef = D3F6405E2622AB830073F684 /* HikeDetail.swift */; };
		D3F640632622AB830073F684 /* HikeView.swift in Sources */ = {isa = PBXBuildFile; fileRef = D3F6405F2622AB830073F684 /* HikeView.swift */; };
/* End PBXBuildFile section */

/* Begin PBXContainerItemProxy section */
		D36AA7ED262405A7001C2ECF /* PBXContainerItemProxy */ = {
			isa = PBXContainerItemProxy;
			containerPortal = D379E2BD261ED9E40088214D /* Project object */;
			proxyType = 1;
			remoteGlobalIDString = D36AA7EA262405A7001C2ECF;
			remoteInfo = "WatchLandmarks Extension";
		};
		D36AA801262405AA001C2ECF /* PBXContainerItemProxy */ = {
			isa = PBXContainerItemProxy;
			containerPortal = D379E2BD261ED9E40088214D /* Project object */;
			proxyType = 1;
			remoteGlobalIDString = D36AA7E1262405A4001C2ECF;
			remoteInfo = WatchLandmarks;
		};
		D36AA85026241FB7001C2ECF /* PBXContainerItemProxy */ = {
			isa = PBXContainerItemProxy;
			containerPortal = D379E2BD261ED9E40088214D /* Project object */;
			proxyType = 1;
			remoteGlobalIDString = D36AA83D26241FB2001C2ECF;
			remoteInfo = MacLandmarks;
		};
		D36AA85B26241FB7001C2ECF /* PBXContainerItemProxy */ = {
			isa = PBXContainerItemProxy;
			containerPortal = D379E2BD261ED9E40088214D /* Project object */;
			proxyType = 1;
			remoteGlobalIDString = D36AA83D26241FB2001C2ECF;
			remoteInfo = MacLandmarks;
		};
		D379E2D7261ED9E80088214D /* PBXContainerItemProxy */ = {
			isa = PBXContainerItemProxy;
			containerPortal = D379E2BD261ED9E40088214D /* Project object */;
			proxyType = 1;
			remoteGlobalIDString = D379E2C4261ED9E40088214D;
			remoteInfo = Landmarks;
		};
		D379E2E2261ED9E80088214D /* PBXContainerItemProxy */ = {
			isa = PBXContainerItemProxy;
			containerPortal = D379E2BD261ED9E40088214D /* Project object */;
			proxyType = 1;
			remoteGlobalIDString = D379E2C4261ED9E40088214D;
			remoteInfo = Landmarks;
		};
/* End PBXContainerItemProxy section */

/* Begin PBXCopyFilesBuildPhase section */
		D36AA807262405AA001C2ECF /* Embed App Extensions */ = {
			isa = PBXCopyFilesBuildPhase;
			buildActionMask = 2147483647;
			dstPath = "";
			dstSubfolderSpec = 13;
			files = (
				D36AA7EC262405A7001C2ECF /* WatchLandmarks Extension.appex in Embed App Extensions */,
			);
			name = "Embed App Extensions";
			runOnlyForDeploymentPostprocessing = 0;
		};
		D36AA80B262405AA001C2ECF /* Embed Watch Content */ = {
			isa = PBXCopyFilesBuildPhase;
			buildActionMask = 2147483647;
			dstPath = "$(CONTENTS_FOLDER_PATH)/Watch";
			dstSubfolderSpec = 16;
			files = (
				D36AA803262405AA001C2ECF /* WatchLandmarks.app in Embed Watch Content */,
			);
			name = "Embed Watch Content";
			runOnlyForDeploymentPostprocessing = 0;
		};
/* End PBXCopyFilesBuildPhase section */

/* Begin PBXFileReference section */
		D36AA7842622B2F1001C2ECF /* CategoryHome.swift */ = {isa = PBXFileReference; lastKnownFileType = sourcecode.swift; path = CategoryHome.swift; sourceTree = "<group>"; };
		D36AA78F2622B4E9001C2ECF /* CategoryRow.swift */ = {isa = PBXFileReference; lastKnownFileType = sourcecode.swift; path = CategoryRow.swift; sourceTree = "<group>"; };
		D36AA7942622B71C001C2ECF /* CategoryItem.swift */ = {isa = PBXFileReference; lastKnownFileType = sourcecode.swift; path = CategoryItem.swift; sourceTree = "<group>"; };
		D36AA799262394D4001C2ECF /* Profile.swift */ = {isa = PBXFileReference; lastKnownFileType = sourcecode.swift; path = Profile.swift; sourceTree = "<group>"; };
		D36AA79F2623A415001C2ECF /* ProfileHost.swift */ = {isa = PBXFileReference; lastKnownFileType = sourcecode.swift; path = ProfileHost.swift; sourceTree = "<group>"; };
		D36AA7A42623B189001C2ECF /* ProfileSummary.swift */ = {isa = PBXFileReference; lastKnownFileType = sourcecode.swift; path = ProfileSummary.swift; sourceTree = "<group>"; };
		D36AA7A92623B323001C2ECF /* HikeBadge.swift */ = {isa = PBXFileReference; lastKnownFileType = sourcecode.swift; path = HikeBadge.swift; sourceTree = "<group>"; };
		D36AA7BD2623C4B6001C2ECF /* ProfileEditor.swift */ = {isa = PBXFileReference; lastKnownFileType = sourcecode.swift; path = ProfileEditor.swift; sourceTree = "<group>"; };
		D36AA7C32623CB9D001C2ECF /* PageViewController.swift */ = {isa = PBXFileReference; lastKnownFileType = sourcecode.swift; path = PageViewController.swift; sourceTree = "<group>"; };
		D36AA7C82623CE67001C2ECF /* FeatureCard.swift */ = {isa = PBXFileReference; lastKnownFileType = sourcecode.swift; path = FeatureCard.swift; sourceTree = "<group>"; };
		D36AA7CD2623D135001C2ECF /* PageView.swift */ = {isa = PBXFileReference; lastKnownFileType = sourcecode.swift; path = PageView.swift; sourceTree = "<group>"; };
		D36AA7DB26240155001C2ECF /* PageControl.swift */ = {isa = PBXFileReference; lastKnownFileType = sourcecode.swift; path = PageControl.swift; sourceTree = "<group>"; };
		D36AA7E2262405A4001C2ECF /* WatchLandmarks.app */ = {isa = PBXFileReference; explicitFileType = wrapper.application; includeInIndex = 0; path = WatchLandmarks.app; sourceTree = BUILT_PRODUCTS_DIR; };
		D36AA7E4262405A7001C2ECF /* Assets.xcassets */ = {isa = PBXFileReference; lastKnownFileType = folder.assetcatalog; path = Assets.xcassets; sourceTree = "<group>"; };
		D36AA7E6262405A7001C2ECF /* Info.plist */ = {isa = PBXFileReference; lastKnownFileType = text.plist.xml; path = Info.plist; sourceTree = "<group>"; };
		D36AA7EB262405A7001C2ECF /* WatchLandmarks Extension.appex */ = {isa = PBXFileReference; explicitFileType = "wrapper.app-extension"; includeInIndex = 0; path = "WatchLandmarks Extension.appex"; sourceTree = BUILT_PRODUCTS_DIR; };
		D36AA7F2262405A7001C2ECF /* ContentView.swift */ = {isa = PBXFileReference; lastKnownFileType = sourcecode.swift; path = ContentView.swift; sourceTree = "<group>"; };
		D36AA7F4262405A7001C2ECF /* NotificationController.swift */ = {isa = PBXFileReference; lastKnownFileType = sourcecode.swift; path = NotificationController.swift; sourceTree = "<group>"; };
		D36AA7F6262405A7001C2ECF /* NotificationView.swift */ = {isa = PBXFileReference; lastKnownFileType = sourcecode.swift; path = NotificationView.swift; sourceTree = "<group>"; };
		D36AA7F8262405A7001C2ECF /* ComplicationController.swift */ = {isa = PBXFileReference; lastKnownFileType = sourcecode.swift; path = ComplicationController.swift; sourceTree = "<group>"; };
		D36AA7FA262405AA001C2ECF /* Assets.xcassets */ = {isa = PBXFileReference; lastKnownFileType = folder.assetcatalog; path = Assets.xcassets; sourceTree = "<group>"; };
		D36AA7FD262405AA001C2ECF /* Preview Assets.xcassets */ = {isa = PBXFileReference; lastKnownFileType = folder.assetcatalog; path = "Preview Assets.xcassets"; sourceTree = "<group>"; };
		D36AA7FF262405AA001C2ECF /* Info.plist */ = {isa = PBXFileReference; lastKnownFileType = text.plist.xml; path = Info.plist; sourceTree = "<group>"; };
		D36AA800262405AA001C2ECF /* PushNotificationPayload.apns */ = {isa = PBXFileReference; lastKnownFileType = text; path = PushNotificationPayload.apns; sourceTree = "<group>"; };
		D36AA82C26241028001C2ECF /* LandmarkDetail.swift */ = {isa = PBXFileReference; lastKnownFileType = sourcecode.swift; path = LandmarkDetail.swift; sourceTree = "<group>"; };
		D36AA83E26241FB2001C2ECF /* MacLandmarks.app */ = {isa = PBXFileReference; explicitFileType = wrapper.application; includeInIndex = 0; path = MacLandmarks.app; sourceTree = BUILT_PRODUCTS_DIR; };
		D36AA84226241FB2001C2ECF /* ContentView.swift */ = {isa = PBXFileReference; lastKnownFileType = sourcecode.swift; path = ContentView.swift; sourceTree = "<group>"; };
		D36AA84426241FB7001C2ECF /* Assets.xcassets */ = {isa = PBXFileReference; lastKnownFileType = folder.assetcatalog; path = Assets.xcassets; sourceTree = "<group>"; };
		D36AA84726241FB7001C2ECF /* Preview Assets.xcassets */ = {isa = PBXFileReference; lastKnownFileType = folder.assetcatalog; path = "Preview Assets.xcassets"; sourceTree = "<group>"; };
		D36AA84926241FB7001C2ECF /* Info.plist */ = {isa = PBXFileReference; lastKnownFileType = text.plist.xml; path = Info.plist; sourceTree = "<group>"; };
		D36AA84A26241FB7001C2ECF /* MacLandmarks.entitlements */ = {isa = PBXFileReference; lastKnownFileType = text.plist.entitlements; path = MacLandmarks.entitlements; sourceTree = "<group>"; };
		D36AA84F26241FB7001C2ECF /* MacLandmarksTests.xctest */ = {isa = PBXFileReference; explicitFileType = wrapper.cfbundle; includeInIndex = 0; path = MacLandmarksTests.xctest; sourceTree = BUILT_PRODUCTS_DIR; };
		D36AA85326241FB7001C2ECF /* MacLandmarksTests.swift */ = {isa = PBXFileReference; lastKnownFileType = sourcecode.swift; path = MacLandmarksTests.swift; sourceTree = "<group>"; };
		D36AA85526241FB7001C2ECF /* Info.plist */ = {isa = PBXFileReference; lastKnownFileType = text.plist.xml; path = Info.plist; sourceTree = "<group>"; };
		D36AA85A26241FB7001C2ECF /* MacLandmarksUITests.xctest */ = {isa = PBXFileReference; explicitFileType = wrapper.cfbundle; includeInIndex = 0; path = MacLandmarksUITests.xctest; sourceTree = BUILT_PRODUCTS_DIR; };
		D36AA85E26241FB7001C2ECF /* MacLandmarksUITests.swift */ = {isa = PBXFileReference; lastKnownFileType = sourcecode.swift; path = MacLandmarksUITests.swift; sourceTree = "<group>"; };
		D36AA86026241FB7001C2ECF /* Info.plist */ = {isa = PBXFileReference; lastKnownFileType = text.plist.xml; path = Info.plist; sourceTree = "<group>"; };
		D36AA88F262421EB001C2ECF /* LandmarkDetail.swift */ = {isa = PBXFileReference; lastKnownFileType = sourcecode.swift; path = LandmarkDetail.swift; sourceTree = "<group>"; };
		D379E2C5261ED9E40088214D /* Landmarks.app */ = {isa = PBXFileReference; explicitFileType = wrapper.application; includeInIndex = 0; path = Landmarks.app; sourceTree = BUILT_PRODUCTS_DIR; };
		D379E2C8261ED9E40088214D /* LandmarksApp.swift */ = {isa = PBXFileReference; lastKnownFileType = sourcecode.swift; path = LandmarksApp.swift; sourceTree = "<group>"; };
		D379E2CA261ED9E40088214D /* ContentView.swift */ = {isa = PBXFileReference; lastKnownFileType = sourcecode.swift; path = ContentView.swift; sourceTree = "<group>"; };
		D379E2CC261ED9E70088214D /* Assets.xcassets */ = {isa = PBXFileReference; lastKnownFileType = folder.assetcatalog; path = Assets.xcassets; sourceTree = "<group>"; };
		D379E2CF261ED9E70088214D /* Preview Assets.xcassets */ = {isa = PBXFileReference; lastKnownFileType = folder.assetcatalog; path = "Preview Assets.xcassets"; sourceTree = "<group>"; };
		D379E2D1261ED9E70088214D /* Info.plist */ = {isa = PBXFileReference; lastKnownFileType = text.plist.xml; path = Info.plist; sourceTree = "<group>"; };
		D379E2D6261ED9E80088214D /* LandmarksTests.xctest */ = {isa = PBXFileReference; explicitFileType = wrapper.cfbundle; includeInIndex = 0; path = LandmarksTests.xctest; sourceTree = BUILT_PRODUCTS_DIR; };
		D379E2DA261ED9E80088214D /* LandmarksTests.swift */ = {isa = PBXFileReference; lastKnownFileType = sourcecode.swift; path = LandmarksTests.swift; sourceTree = "<group>"; };
		D379E2DC261ED9E80088214D /* Info.plist */ = {isa = PBXFileReference; lastKnownFileType = text.plist.xml; path = Info.plist; sourceTree = "<group>"; };
		D379E2E1261ED9E80088214D /* LandmarksUITests.xctest */ = {isa = PBXFileReference; explicitFileType = wrapper.cfbundle; includeInIndex = 0; path = LandmarksUITests.xctest; sourceTree = BUILT_PRODUCTS_DIR; };
		D379E2E5261ED9E80088214D /* LandmarksUITests.swift */ = {isa = PBXFileReference; lastKnownFileType = sourcecode.swift; path = LandmarksUITests.swift; sourceTree = "<group>"; };
		D379E2E7261ED9E80088214D /* Info.plist */ = {isa = PBXFileReference; lastKnownFileType = text.plist.xml; path = Info.plist; sourceTree = "<group>"; };
		D379E2FE261EE7810088214D /* CircleImage.swift */ = {isa = PBXFileReference; lastKnownFileType = sourcecode.swift; path = CircleImage.swift; sourceTree = "<group>"; };
		D379E306261FD9DE0088214D /* MapView.swift */ = {isa = PBXFileReference; lastKnownFileType = sourcecode.swift; path = MapView.swift; sourceTree = "<group>"; };
		D379E30D261FE4640088214D /* landmarkData.json */ = {isa = PBXFileReference; fileEncoding = 4; lastKnownFileType = text.json; path = landmarkData.json; sourceTree = "<group>"; };
		D379E312261FE4F50088214D /* Landmark.swift */ = {isa = PBXFileReference; lastKnownFileType = sourcecode.swift; path = Landmark.swift; sourceTree = "<group>"; };
		D379E317261FE77B0088214D /* ModelData.swift */ = {isa = PBXFileReference; lastKnownFileType = sourcecode.swift; path = ModelData.swift; sourceTree = "<group>"; };
		D379E31D261FEAAF0088214D /* LandmarkRow.swift */ = {isa = PBXFileReference; lastKnownFileType = sourcecode.swift; path = LandmarkRow.swift; sourceTree = "<group>"; };
		D37A742A26227BF90022FBE1 /* FavoriteButton.swift */ = {isa = PBXFileReference; lastKnownFileType = sourcecode.swift; path = FavoriteButton.swift; sourceTree = "<group>"; };
		D39691A2262026A0001EF5B0 /* LandmarkList.swift */ = {isa = PBXFileReference; lastKnownFileType = sourcecode.swift; path = LandmarkList.swift; sourceTree = "<group>"; };
		D39691A7262027B2001EF5B0 /* LandmarkDetail.swift */ = {isa = PBXFileReference; lastKnownFileType = sourcecode.swift; path = LandmarkDetail.swift; sourceTree = "<group>"; };
		D3A0D0B926266BA30094559D /* LandmarkList.swift */ = {isa = PBXFileReference; lastKnownFileType = sourcecode.swift; path = LandmarkList.swift; sourceTree = "<group>"; };
		D3A0D0F3262674B10094559D /* LandmarkCommands.swift */ = {isa = PBXFileReference; lastKnownFileType = sourcecode.swift; path = LandmarkCommands.swift; sourceTree = "<group>"; };
		D3A0D0FE26267CF90094559D /* LandmarkSettings.swift */ = {isa = PBXFileReference; lastKnownFileType = sourcecode.swift; path = LandmarkSettings.swift; sourceTree = "<group>"; };
		D3F6403426228C760073F684 /* HexagonParameters.swift */ = {isa = PBXFileReference; lastKnownFileType = sourcecode.swift; path = HexagonParameters.swift; sourceTree = "<group>"; };
		D3F6403926228EBF0073F684 /* BadgeBackground.swift */ = {isa = PBXFileReference; lastKnownFileType = sourcecode.swift; path = BadgeBackground.swift; sourceTree = "<group>"; };
		D3F64041262298F60073F684 /* BadgeSymbol.swift */ = {isa = PBXFileReference; lastKnownFileType = sourcecode.swift; path = BadgeSymbol.swift; sourceTree = "<group>"; };
		D3F64046262299E50073F684 /* RotatedBadgeSymbol.swift */ = {isa = PBXFileReference; lastKnownFileType = sourcecode.swift; path = RotatedBadgeSymbol.swift; sourceTree = "<group>"; };
		D3F6404B26229A7D0073F684 /* Badge.swift */ = {isa = PBXFileReference; lastKnownFileType = sourcecode.swift; path = Badge.swift; sourceTree = "<group>"; };
		D3F640512622A95C0073F684 /* hikeData.json */ = {isa = PBXFileReference; fileEncoding = 4; lastKnownFileType = text.json; path = hikeData.json; sourceTree = "<group>"; };
		D3F640562622A98E0073F684 /* Hike.swift */ = {isa = PBXFileReference; lastKnownFileType = sourcecode.swift; path = Hike.swift; sourceTree = "<group>"; };
		D3F6405C2622AB830073F684 /* GraphCapsule.swift */ = {isa = PBXFileReference; fileEncoding = 4; lastKnownFileType = sourcecode.swift; path = GraphCapsule.swift; sourceTree = "<group>"; };
		D3F6405D2622AB830073F684 /* HikeGraph.swift */ = {isa = PBXFileReference; fileEncoding = 4; lastKnownFileType = sourcecode.swift; path = HikeGraph.swift; sourceTree = "<group>"; };
		D3F6405E2622AB830073F684 /* HikeDetail.swift */ = {isa = PBXFileReference; fileEncoding = 4; lastKnownFileType = sourcecode.swift; path = HikeDetail.swift; sourceTree = "<group>"; };
		D3F6405F2622AB830073F684 /* HikeView.swift */ = {isa = PBXFileReference; fileEncoding = 4; lastKnownFileType = sourcecode.swift; path = HikeView.swift; sourceTree = "<group>"; };
/* End PBXFileReference section */

/* Begin PBXFrameworksBuildPhase section */
		D36AA7E8262405A7001C2ECF /* Frameworks */ = {
			isa = PBXFrameworksBuildPhase;
			buildActionMask = 2147483647;
			files = (
			);
			runOnlyForDeploymentPostprocessing = 0;
		};
		D36AA83B26241FB2001C2ECF /* Frameworks */ = {
			isa = PBXFrameworksBuildPhase;
			buildActionMask = 2147483647;
			files = (
			);
			runOnlyForDeploymentPostprocessing = 0;
		};
		D36AA84C26241FB7001C2ECF /* Frameworks */ = {
			isa = PBXFrameworksBuildPhase;
			buildActionMask = 2147483647;
			files = (
			);
			runOnlyForDeploymentPostprocessing = 0;
		};
		D36AA85726241FB7001C2ECF /* Frameworks */ = {
			isa = PBXFrameworksBuildPhase;
			buildActionMask = 2147483647;
			files = (
			);
			runOnlyForDeploymentPostprocessing = 0;
		};
		D379E2C2261ED9E40088214D /* Frameworks */ = {
			isa = PBXFrameworksBuildPhase;
			buildActionMask = 2147483647;
			files = (
			);
			runOnlyForDeploymentPostprocessing = 0;
		};
		D379E2D3261ED9E80088214D /* Frameworks */ = {
			isa = PBXFrameworksBuildPhase;
			buildActionMask = 2147483647;
			files = (
			);
			runOnlyForDeploymentPostprocessing = 0;
		};
		D379E2DE261ED9E80088214D /* Frameworks */ = {
			isa = PBXFrameworksBuildPhase;
			buildActionMask = 2147483647;
			files = (
			);
			runOnlyForDeploymentPostprocessing = 0;
		};
/* End PBXFrameworksBuildPhase section */

/* Begin PBXGroup section */
		D36AA7832622B2D7001C2ECF /* Category */ = {
			isa = PBXGroup;
			children = (
				D36AA7842622B2F1001C2ECF /* CategoryHome.swift */,
				D36AA78F2622B4E9001C2ECF /* CategoryRow.swift */,
				D36AA7942622B71C001C2ECF /* CategoryItem.swift */,
			);
			path = Category;
			sourceTree = "<group>";
		};
		D36AA79E2623A3F3001C2ECF /* Profiles */ = {
			isa = PBXGroup;
			children = (
				D36AA79F2623A415001C2ECF /* ProfileHost.swift */,
				D36AA7BD2623C4B6001C2ECF /* ProfileEditor.swift */,
				D36AA7A42623B189001C2ECF /* ProfileSummary.swift */,
			);
			path = Profiles;
			sourceTree = "<group>";
		};
		D36AA7C22623CB6E001C2ECF /* PageView */ = {
			isa = PBXGroup;
			children = (
				D36AA7C32623CB9D001C2ECF /* PageViewController.swift */,
				D36AA7C82623CE67001C2ECF /* FeatureCard.swift */,
				D36AA7CD2623D135001C2ECF /* PageView.swift */,
				D36AA7DB26240155001C2ECF /* PageControl.swift */,
			);
			path = PageView;
			sourceTree = "<group>";
		};
		D36AA7E3262405A4001C2ECF /* WatchLandmarks */ = {
			isa = PBXGroup;
			children = (
				D36AA7E4262405A7001C2ECF /* Assets.xcassets */,
				D36AA7E6262405A7001C2ECF /* Info.plist */,
			);
			path = WatchLandmarks;
			sourceTree = "<group>";
		};
		D36AA7EF262405A7001C2ECF /* WatchLandmarks Extension */ = {
			isa = PBXGroup;
			children = (
				D36AA7F2262405A7001C2ECF /* ContentView.swift */,
				D36AA82C26241028001C2ECF /* LandmarkDetail.swift */,
				D36AA7F4262405A7001C2ECF /* NotificationController.swift */,
				D36AA7F6262405A7001C2ECF /* NotificationView.swift */,
				D36AA7F8262405A7001C2ECF /* ComplicationController.swift */,
				D36AA7FA262405AA001C2ECF /* Assets.xcassets */,
				D36AA7FF262405AA001C2ECF /* Info.plist */,
				D36AA800262405AA001C2ECF /* PushNotificationPayload.apns */,
				D36AA7FC262405AA001C2ECF /* Preview Content */,
				D3A0D0B926266BA30094559D /* LandmarkList.swift */,
			);
			path = "WatchLandmarks Extension";
			sourceTree = "<group>";
		};
		D36AA7FC262405AA001C2ECF /* Preview Content */ = {
			isa = PBXGroup;
			children = (
				D36AA7FD262405AA001C2ECF /* Preview Assets.xcassets */,
			);
			path = "Preview Content";
			sourceTree = "<group>";
		};
		D36AA83F26241FB2001C2ECF /* MacLandmarks */ = {
			isa = PBXGroup;
			children = (
				D36AA84226241FB2001C2ECF /* ContentView.swift */,
				D36AA84426241FB7001C2ECF /* Assets.xcassets */,
				D36AA84926241FB7001C2ECF /* Info.plist */,
				D36AA84A26241FB7001C2ECF /* MacLandmarks.entitlements */,
				D36AA84626241FB7001C2ECF /* Preview Content */,
				D36AA88F262421EB001C2ECF /* LandmarkDetail.swift */,
				D3A0D0F3262674B10094559D /* LandmarkCommands.swift */,
				D3A0D0FE26267CF90094559D /* LandmarkSettings.swift */,
			);
			path = MacLandmarks;
			sourceTree = "<group>";
		};
		D36AA84626241FB7001C2ECF /* Preview Content */ = {
			isa = PBXGroup;
			children = (
				D36AA84726241FB7001C2ECF /* Preview Assets.xcassets */,
			);
			path = "Preview Content";
			sourceTree = "<group>";
		};
		D36AA85226241FB7001C2ECF /* MacLandmarksTests */ = {
			isa = PBXGroup;
			children = (
				D36AA85326241FB7001C2ECF /* MacLandmarksTests.swift */,
				D36AA85526241FB7001C2ECF /* Info.plist */,
			);
			path = MacLandmarksTests;
			sourceTree = "<group>";
		};
		D36AA85D26241FB7001C2ECF /* MacLandmarksUITests */ = {
			isa = PBXGroup;
			children = (
				D36AA85E26241FB7001C2ECF /* MacLandmarksUITests.swift */,
				D36AA86026241FB7001C2ECF /* Info.plist */,
			);
			path = MacLandmarksUITests;
			sourceTree = "<group>";
		};
		D379E2BC261ED9E40088214D = {
			isa = PBXGroup;
			children = (
				D379E2C7261ED9E40088214D /* Landmarks */,
				D379E2D9261ED9E80088214D /* LandmarksTests */,
				D379E2E4261ED9E80088214D /* LandmarksUITests */,
				D36AA7E3262405A4001C2ECF /* WatchLandmarks */,
				D36AA7EF262405A7001C2ECF /* WatchLandmarks Extension */,
				D36AA83F26241FB2001C2ECF /* MacLandmarks */,
				D36AA85226241FB7001C2ECF /* MacLandmarksTests */,
				D36AA85D26241FB7001C2ECF /* MacLandmarksUITests */,
				D379E2C6261ED9E40088214D /* Products */,
			);
			sourceTree = "<group>";
		};
		D379E2C6261ED9E40088214D /* Products */ = {
			isa = PBXGroup;
			children = (
				D379E2C5261ED9E40088214D /* Landmarks.app */,
				D379E2D6261ED9E80088214D /* LandmarksTests.xctest */,
				D379E2E1261ED9E80088214D /* LandmarksUITests.xctest */,
				D36AA7E2262405A4001C2ECF /* WatchLandmarks.app */,
				D36AA7EB262405A7001C2ECF /* WatchLandmarks Extension.appex */,
				D36AA83E26241FB2001C2ECF /* MacLandmarks.app */,
				D36AA84F26241FB7001C2ECF /* MacLandmarksTests.xctest */,
				D36AA85A26241FB7001C2ECF /* MacLandmarksUITests.xctest */,
			);
			name = Products;
			sourceTree = "<group>";
		};
		D379E2C7261ED9E40088214D /* Landmarks */ = {
			isa = PBXGroup;
			children = (
				D379E2C8261ED9E40088214D /* LandmarksApp.swift */,
				D379E31C261FE9F80088214D /* Views */,
				D379E30C261FE4300088214D /* Model */,
				D379E30B261FE41A0088214D /* Resources */,
				D379E2CC261ED9E70088214D /* Assets.xcassets */,
				D379E2D1261ED9E70088214D /* Info.plist */,
				D379E2CE261ED9E70088214D /* Preview Content */,
			);
			path = Landmarks;
			sourceTree = "<group>";
		};
		D379E2CE261ED9E70088214D /* Preview Content */ = {
			isa = PBXGroup;
			children = (
				D379E2CF261ED9E70088214D /* Preview Assets.xcassets */,
			);
			path = "Preview Content";
			sourceTree = "<group>";
		};
		D379E2D9261ED9E80088214D /* LandmarksTests */ = {
			isa = PBXGroup;
			children = (
				D379E2DA261ED9E80088214D /* LandmarksTests.swift */,
				D379E2DC261ED9E80088214D /* Info.plist */,
			);
			path = LandmarksTests;
			sourceTree = "<group>";
		};
		D379E2E4261ED9E80088214D /* LandmarksUITests */ = {
			isa = PBXGroup;
			children = (
				D379E2E5261ED9E80088214D /* LandmarksUITests.swift */,
				D379E2E7261ED9E80088214D /* Info.plist */,
			);
			path = LandmarksUITests;
			sourceTree = "<group>";
		};
		D379E30B261FE41A0088214D /* Resources */ = {
			isa = PBXGroup;
			children = (
				D3F640512622A95C0073F684 /* hikeData.json */,
				D379E30D261FE4640088214D /* landmarkData.json */,
			);
			path = Resources;
			sourceTree = "<group>";
		};
		D379E30C261FE4300088214D /* Model */ = {
			isa = PBXGroup;
			children = (
				D379E317261FE77B0088214D /* ModelData.swift */,
				D379E312261FE4F50088214D /* Landmark.swift */,
				D3F640562622A98E0073F684 /* Hike.swift */,
				D36AA799262394D4001C2ECF /* Profile.swift */,
			);
			path = Model;
			sourceTree = "<group>";
		};
		D379E31C261FE9F80088214D /* Views */ = {
			isa = PBXGroup;
			children = (
				D36AA7C22623CB6E001C2ECF /* PageView */,
				D36AA79E2623A3F3001C2ECF /* Profiles */,
				D36AA7832622B2D7001C2ECF /* Category */,
				D37A743626227E7E0022FBE1 /* Landmarks */,
				D37A742F26227CE40022FBE1 /* Helpers */,
				D3F640502622A6D20073F684 /* Badges */,
				D3F6405B2622AB830073F684 /* Hikes */,
				D379E2CA261ED9E40088214D /* ContentView.swift */,
			);
			path = Views;
			sourceTree = "<group>";
		};
		D37A742F26227CE40022FBE1 /* Helpers */ = {
			isa = PBXGroup;
			children = (
				D379E2FE261EE7810088214D /* CircleImage.swift */,
				D37A742A26227BF90022FBE1 /* FavoriteButton.swift */,
				D379E306261FD9DE0088214D /* MapView.swift */,
			);
			path = Helpers;
			sourceTree = "<group>";
		};
		D37A743626227E7E0022FBE1 /* Landmarks */ = {
			isa = PBXGroup;
			children = (
				D39691A2262026A0001EF5B0 /* LandmarkList.swift */,
				D379E31D261FEAAF0088214D /* LandmarkRow.swift */,
				D39691A7262027B2001EF5B0 /* LandmarkDetail.swift */,
			);
			path = Landmarks;
			sourceTree = "<group>";
		};
		D3F640502622A6D20073F684 /* Badges */ = {
			isa = PBXGroup;
			children = (
				D3F6404B26229A7D0073F684 /* Badge.swift */,
				D3F6403926228EBF0073F684 /* BadgeBackground.swift */,
				D3F64041262298F60073F684 /* BadgeSymbol.swift */,
				D3F64046262299E50073F684 /* RotatedBadgeSymbol.swift */,
				D3F6403426228C760073F684 /* HexagonParameters.swift */,
			);
			path = Badges;
			sourceTree = "<group>";
		};
		D3F6405B2622AB830073F684 /* Hikes */ = {
			isa = PBXGroup;
			children = (
				D3F6405C2622AB830073F684 /* GraphCapsule.swift */,
				D3F6405D2622AB830073F684 /* HikeGraph.swift */,
				D3F6405E2622AB830073F684 /* HikeDetail.swift */,
				D3F6405F2622AB830073F684 /* HikeView.swift */,
				D36AA7A92623B323001C2ECF /* HikeBadge.swift */,
			);
			path = Hikes;
			sourceTree = "<group>";
		};
/* End PBXGroup section */

/* Begin PBXNativeTarget section */
		D36AA7E1262405A4001C2ECF /* WatchLandmarks */ = {
			isa = PBXNativeTarget;
			buildConfigurationList = D36AA808262405AA001C2ECF /* Build configuration list for PBXNativeTarget "WatchLandmarks" */;
			buildPhases = (
				D36AA7E0262405A4001C2ECF /* Resources */,
				D36AA807262405AA001C2ECF /* Embed App Extensions */,
			);
			buildRules = (
			);
			dependencies = (
				D36AA7EE262405A7001C2ECF /* PBXTargetDependency */,
			);
			name = WatchLandmarks;
			productName = WatchLandmarks;
			productReference = D36AA7E2262405A4001C2ECF /* WatchLandmarks.app */;
			productType = "com.apple.product-type.application.watchapp2";
		};
		D36AA7EA262405A7001C2ECF /* WatchLandmarks Extension */ = {
			isa = PBXNativeTarget;
			buildConfigurationList = D36AA804262405AA001C2ECF /* Build configuration list for PBXNativeTarget "WatchLandmarks Extension" */;
			buildPhases = (
				D36AA7E7262405A7001C2ECF /* Sources */,
				D36AA7E8262405A7001C2ECF /* Frameworks */,
				D36AA7E9262405A7001C2ECF /* Resources */,
			);
			buildRules = (
			);
			dependencies = (
			);
			name = "WatchLandmarks Extension";
			productName = "WatchLandmarks Extension";
			productReference = D36AA7EB262405A7001C2ECF /* WatchLandmarks Extension.appex */;
			productType = "com.apple.product-type.watchkit2-extension";
		};
		D36AA83D26241FB2001C2ECF /* MacLandmarks */ = {
			isa = PBXNativeTarget;
			buildConfigurationList = D36AA86126241FB7001C2ECF /* Build configuration list for PBXNativeTarget "MacLandmarks" */;
			buildPhases = (
				D36AA83A26241FB2001C2ECF /* Sources */,
				D36AA83B26241FB2001C2ECF /* Frameworks */,
				D36AA83C26241FB2001C2ECF /* Resources */,
			);
			buildRules = (
			);
			dependencies = (
			);
			name = MacLandmarks;
			productName = MacLandmarks;
			productReference = D36AA83E26241FB2001C2ECF /* MacLandmarks.app */;
			productType = "com.apple.product-type.application";
		};
		D36AA84E26241FB7001C2ECF /* MacLandmarksTests */ = {
			isa = PBXNativeTarget;
			buildConfigurationList = D36AA86426241FB7001C2ECF /* Build configuration list for PBXNativeTarget "MacLandmarksTests" */;
			buildPhases = (
				D36AA84B26241FB7001C2ECF /* Sources */,
				D36AA84C26241FB7001C2ECF /* Frameworks */,
				D36AA84D26241FB7001C2ECF /* Resources */,
			);
			buildRules = (
			);
			dependencies = (
				D36AA85126241FB7001C2ECF /* PBXTargetDependency */,
			);
			name = MacLandmarksTests;
			productName = MacLandmarksTests;
			productReference = D36AA84F26241FB7001C2ECF /* MacLandmarksTests.xctest */;
			productType = "com.apple.product-type.bundle.unit-test";
		};
		D36AA85926241FB7001C2ECF /* MacLandmarksUITests */ = {
			isa = PBXNativeTarget;
			buildConfigurationList = D36AA86726241FB7001C2ECF /* Build configuration list for PBXNativeTarget "MacLandmarksUITests" */;
			buildPhases = (
				D36AA85626241FB7001C2ECF /* Sources */,
				D36AA85726241FB7001C2ECF /* Frameworks */,
				D36AA85826241FB7001C2ECF /* Resources */,
			);
			buildRules = (
			);
			dependencies = (
				D36AA85C26241FB7001C2ECF /* PBXTargetDependency */,
			);
			name = MacLandmarksUITests;
			productName = MacLandmarksUITests;
			productReference = D36AA85A26241FB7001C2ECF /* MacLandmarksUITests.xctest */;
			productType = "com.apple.product-type.bundle.ui-testing";
		};
		D379E2C4261ED9E40088214D /* Landmarks */ = {
			isa = PBXNativeTarget;
			buildConfigurationList = D379E2EA261ED9E80088214D /* Build configuration list for PBXNativeTarget "Landmarks" */;
			buildPhases = (
				D379E2C1261ED9E40088214D /* Sources */,
				D379E2C2261ED9E40088214D /* Frameworks */,
				D379E2C3261ED9E40088214D /* Resources */,
				D36AA80B262405AA001C2ECF /* Embed Watch Content */,
			);
			buildRules = (
			);
			dependencies = (
				D36AA802262405AA001C2ECF /* PBXTargetDependency */,
			);
			name = Landmarks;
			productName = Landmarks;
			productReference = D379E2C5261ED9E40088214D /* Landmarks.app */;
			productType = "com.apple.product-type.application";
		};
		D379E2D5261ED9E80088214D /* LandmarksTests */ = {
			isa = PBXNativeTarget;
			buildConfigurationList = D379E2ED261ED9E80088214D /* Build configuration list for PBXNativeTarget "LandmarksTests" */;
			buildPhases = (
				D379E2D2261ED9E80088214D /* Sources */,
				D379E2D3261ED9E80088214D /* Frameworks */,
				D379E2D4261ED9E80088214D /* Resources */,
			);
			buildRules = (
			);
			dependencies = (
				D379E2D8261ED9E80088214D /* PBXTargetDependency */,
			);
			name = LandmarksTests;
			productName = LandmarksTests;
			productReference = D379E2D6261ED9E80088214D /* LandmarksTests.xctest */;
			productType = "com.apple.product-type.bundle.unit-test";
		};
		D379E2E0261ED9E80088214D /* LandmarksUITests */ = {
			isa = PBXNativeTarget;
			buildConfigurationList = D379E2F0261ED9E80088214D /* Build configuration list for PBXNativeTarget "LandmarksUITests" */;
			buildPhases = (
				D379E2DD261ED9E80088214D /* Sources */,
				D379E2DE261ED9E80088214D /* Frameworks */,
				D379E2DF261ED9E80088214D /* Resources */,
			);
			buildRules = (
			);
			dependencies = (
				D379E2E3261ED9E80088214D /* PBXTargetDependency */,
			);
			name = LandmarksUITests;
			productName = LandmarksUITests;
			productReference = D379E2E1261ED9E80088214D /* LandmarksUITests.xctest */;
			productType = "com.apple.product-type.bundle.ui-testing";
		};
/* End PBXNativeTarget section */

/* Begin PBXProject section */
		D379E2BD261ED9E40088214D /* Project object */ = {
			isa = PBXProject;
			attributes = {
				LastSwiftUpdateCheck = 1240;
				LastUpgradeCheck = 1240;
				TargetAttributes = {
					D36AA7E1262405A4001C2ECF = {
						CreatedOnToolsVersion = 12.4;
					};
					D36AA7EA262405A7001C2ECF = {
						CreatedOnToolsVersion = 12.4;
					};
					D36AA83D26241FB2001C2ECF = {
						CreatedOnToolsVersion = 12.4;
					};
					D36AA84E26241FB7001C2ECF = {
						CreatedOnToolsVersion = 12.4;
						TestTargetID = D36AA83D26241FB2001C2ECF;
					};
					D36AA85926241FB7001C2ECF = {
						CreatedOnToolsVersion = 12.4;
						TestTargetID = D36AA83D26241FB2001C2ECF;
					};
					D379E2C4261ED9E40088214D = {
						CreatedOnToolsVersion = 12.4;
					};
					D379E2D5261ED9E80088214D = {
						CreatedOnToolsVersion = 12.4;
						TestTargetID = D379E2C4261ED9E40088214D;
					};
					D379E2E0261ED9E80088214D = {
						CreatedOnToolsVersion = 12.4;
						TestTargetID = D379E2C4261ED9E40088214D;
					};
				};
			};
			buildConfigurationList = D379E2C0261ED9E40088214D /* Build configuration list for PBXProject "Landmarks" */;
			compatibilityVersion = "Xcode 9.3";
			developmentRegion = en;
			hasScannedForEncodings = 0;
			knownRegions = (
				en,
				Base,
			);
			mainGroup = D379E2BC261ED9E40088214D;
			productRefGroup = D379E2C6261ED9E40088214D /* Products */;
			projectDirPath = "";
			projectRoot = "";
			targets = (
				D379E2C4261ED9E40088214D /* Landmarks */,
				D379E2D5261ED9E80088214D /* LandmarksTests */,
				D379E2E0261ED9E80088214D /* LandmarksUITests */,
				D36AA7E1262405A4001C2ECF /* WatchLandmarks */,
				D36AA7EA262405A7001C2ECF /* WatchLandmarks Extension */,
				D36AA83D26241FB2001C2ECF /* MacLandmarks */,
				D36AA84E26241FB7001C2ECF /* MacLandmarksTests */,
				D36AA85926241FB7001C2ECF /* MacLandmarksUITests */,
			);
		};
/* End PBXProject section */

/* Begin PBXResourcesBuildPhase section */
		D36AA7E0262405A4001C2ECF /* Resources */ = {
			isa = PBXResourcesBuildPhase;
			buildActionMask = 2147483647;
			files = (
				D36AA7E5262405A7001C2ECF /* Assets.xcassets in Resources */,
			);
			runOnlyForDeploymentPostprocessing = 0;
		};
		D36AA7E9262405A7001C2ECF /* Resources */ = {
			isa = PBXResourcesBuildPhase;
			buildActionMask = 2147483647;
			files = (
				D36AA81F26240EAE001C2ECF /* hikeData.json in Resources */,
				D36AA7FE262405AA001C2ECF /* Preview Assets.xcassets in Resources */,
				D36AA7FB262405AA001C2ECF /* Assets.xcassets in Resources */,
				D36AA81E26240EAE001C2ECF /* landmarkData.json in Resources */,
				D36AA82326240EAE001C2ECF /* Assets.xcassets in Resources */,
			);
			runOnlyForDeploymentPostprocessing = 0;
		};
		D36AA83C26241FB2001C2ECF /* Resources */ = {
			isa = PBXResourcesBuildPhase;
			buildActionMask = 2147483647;
			files = (
				D36AA84826241FB7001C2ECF /* Preview Assets.xcassets in Resources */,
				D36AA87D262420B2001C2ECF /* hikeData.json in Resources */,
				D36AA87F262420B2001C2ECF /* Assets.xcassets in Resources */,
				D36AA882262420B2001C2ECF /* landmarkData.json in Resources */,
				D36AA84526241FB7001C2ECF /* Assets.xcassets in Resources */,
			);
			runOnlyForDeploymentPostprocessing = 0;
		};
		D36AA84D26241FB7001C2ECF /* Resources */ = {
			isa = PBXResourcesBuildPhase;
			buildActionMask = 2147483647;
			files = (
			);
			runOnlyForDeploymentPostprocessing = 0;
		};
		D36AA85826241FB7001C2ECF /* Resources */ = {
			isa = PBXResourcesBuildPhase;
			buildActionMask = 2147483647;
			files = (
			);
			runOnlyForDeploymentPostprocessing = 0;
		};
		D379E2C3261ED9E40088214D /* Resources */ = {
			isa = PBXResourcesBuildPhase;
			buildActionMask = 2147483647;
			files = (
				D3F640522622A95C0073F684 /* hikeData.json in Resources */,
				D379E2D0261ED9E70088214D /* Preview Assets.xcassets in Resources */,
				D379E2CD261ED9E70088214D /* Assets.xcassets in Resources */,
				D379E30E261FE4650088214D /* landmarkData.json in Resources */,
			);
			runOnlyForDeploymentPostprocessing = 0;
		};
		D379E2D4261ED9E80088214D /* Resources */ = {
			isa = PBXResourcesBuildPhase;
			buildActionMask = 2147483647;
			files = (
			);
			runOnlyForDeploymentPostprocessing = 0;
		};
		D379E2DF261ED9E80088214D /* Resources */ = {
			isa = PBXResourcesBuildPhase;
			buildActionMask = 2147483647;
			files = (
			);
			runOnlyForDeploymentPostprocessing = 0;
		};
/* End PBXResourcesBuildPhase section */

/* Begin PBXSourcesBuildPhase section */
		D36AA7E7262405A7001C2ECF /* Sources */ = {
			isa = PBXSourcesBuildPhase;
			buildActionMask = 2147483647;
			files = (
				D36AA7F5262405A7001C2ECF /* NotificationController.swift in Sources */,
				D36AA82026240EAE001C2ECF /* Profile.swift in Sources */,
				D36AA7F3262405A7001C2ECF /* ContentView.swift in Sources */,
				D36AA82226240EAE001C2ECF /* LandmarksApp.swift in Sources */,
				D3A0D0BA26266BA30094559D /* LandmarkList.swift in Sources */,
				D36AA81C26240EAE001C2ECF /* LandmarkRow.swift in Sources */,
				D36AA82D26241028001C2ECF /* LandmarkDetail.swift in Sources */,
				D36AA82526240EAE001C2ECF /* CircleImage.swift in Sources */,
				D36AA81D26240EAE001C2ECF /* Hike.swift in Sources */,
				D36AA7F9262405A7001C2ECF /* ComplicationController.swift in Sources */,
				D36AA82426240EAE001C2ECF /* ModelData.swift in Sources */,
				D36AA7F7262405A7001C2ECF /* NotificationView.swift in Sources */,
				D36AA82126240EAE001C2ECF /* MapView.swift in Sources */,
				D36AA81B26240EAE001C2ECF /* Landmark.swift in Sources */,
			);
			runOnlyForDeploymentPostprocessing = 0;
		};
		D36AA83A26241FB2001C2ECF /* Sources */ = {
			isa = PBXSourcesBuildPhase;
			buildActionMask = 2147483647;
			files = (
				D36AA885262420B2001C2ECF /* Hike.swift in Sources */,
				D36AA881262420B2001C2ECF /* Landmark.swift in Sources */,
				D3A0D0FF26267CF90094559D /* LandmarkSettings.swift in Sources */,
				D36AA84326241FB2001C2ECF /* ContentView.swift in Sources */,
				D36AA87C262420B2001C2ECF /* CircleImage.swift in Sources */,
				D3A0D0F5262674B10094559D /* LandmarkCommands.swift in Sources */,
				D36AA890262421EB001C2ECF /* LandmarkDetail.swift in Sources */,
				D36AA883262420B2001C2ECF /* LandmarksApp.swift in Sources */,
				D36AA880262420B2001C2ECF /* LandmarkRow.swift in Sources */,
				D36AA87B262420B2001C2ECF /* MapView.swift in Sources */,
				D36AA886262420B2001C2ECF /* ModelData.swift in Sources */,
				D36AA87E262420B2001C2ECF /* FavoriteButton.swift in Sources */,
				D36AA884262420B2001C2ECF /* Profile.swift in Sources */,
				D36AA87A262420B2001C2ECF /* LandmarkList.swift in Sources */,
			);
			runOnlyForDeploymentPostprocessing = 0;
		};
		D36AA84B26241FB7001C2ECF /* Sources */ = {
			isa = PBXSourcesBuildPhase;
			buildActionMask = 2147483647;
			files = (
				D36AA85426241FB7001C2ECF /* MacLandmarksTests.swift in Sources */,
			);
			runOnlyForDeploymentPostprocessing = 0;
		};
		D36AA85626241FB7001C2ECF /* Sources */ = {
			isa = PBXSourcesBuildPhase;
			buildActionMask = 2147483647;
			files = (
				D36AA85F26241FB7001C2ECF /* MacLandmarksUITests.swift in Sources */,
			);
			runOnlyForDeploymentPostprocessing = 0;
		};
		D379E2C1261ED9E40088214D /* Sources */ = {
			isa = PBXSourcesBuildPhase;
			buildActionMask = 2147483647;
			files = (
				D36AA7902622B4E9001C2ECF /* CategoryRow.swift in Sources */,
				D36AA79A262394D4001C2ECF /* Profile.swift in Sources */,
				D3A0D0F4262674B10094559D /* LandmarkCommands.swift in Sources */,
				D379E2CB261ED9E40088214D /* ContentView.swift in Sources */,
				D36AA7852622B2F1001C2ECF /* CategoryHome.swift in Sources */,
				D36AA7C92623CE67001C2ECF /* FeatureCard.swift in Sources */,
				D3F640612622AB830073F684 /* HikeGraph.swift in Sources */,
				D3F6404C26229A7D0073F684 /* Badge.swift in Sources */,
				D379E307261FD9DE0088214D /* MapView.swift in Sources */,
				D3F640602622AB830073F684 /* GraphCapsule.swift in Sources */,
				D379E2C9261ED9E40088214D /* LandmarksApp.swift in Sources */,
				D36AA7DC26240156001C2ECF /* PageControl.swift in Sources */,
				D37A742B26227BF90022FBE1 /* FavoriteButton.swift in Sources */,
				D36AA7952622B71C001C2ECF /* CategoryItem.swift in Sources */,
				D3F640622622AB830073F684 /* HikeDetail.swift in Sources */,
				D36AA7A52623B189001C2ECF /* ProfileSummary.swift in Sources */,
				D3F6403526228C760073F684 /* HexagonParameters.swift in Sources */,
				D36AA7A02623A415001C2ECF /* ProfileHost.swift in Sources */,
				D3F640572622A98E0073F684 /* Hike.swift in Sources */,
				D3F64047262299E50073F684 /* RotatedBadgeSymbol.swift in Sources */,
				D36AA7CE2623D135001C2ECF /* PageView.swift in Sources */,
				D3F64042262298F60073F684 /* BadgeSymbol.swift in Sources */,
				D36AA7BE2623C4B7001C2ECF /* ProfileEditor.swift in Sources */,
				D39691A3262026A0001EF5B0 /* LandmarkList.swift in Sources */,
				D3F640632622AB830073F684 /* HikeView.swift in Sources */,
				D39691A8262027B2001EF5B0 /* LandmarkDetail.swift in Sources */,
				D36AA7C42623CB9D001C2ECF /* PageViewController.swift in Sources */,
				D3F6403A26228EBF0073F684 /* BadgeBackground.swift in Sources */,
				D36AA7AA2623B323001C2ECF /* HikeBadge.swift in Sources */,
				D379E2FF261EE7810088214D /* CircleImage.swift in Sources */,
				D379E313261FE4F50088214D /* Landmark.swift in Sources */,
				D379E31E261FEAAF0088214D /* LandmarkRow.swift in Sources */,
				D379E318261FE77B0088214D /* ModelData.swift in Sources */,
			);
			runOnlyForDeploymentPostprocessing = 0;
		};
		D379E2D2261ED9E80088214D /* Sources */ = {
			isa = PBXSourcesBuildPhase;
			buildActionMask = 2147483647;
			files = (
				D379E2DB261ED9E80088214D /* LandmarksTests.swift in Sources */,
			);
			runOnlyForDeploymentPostprocessing = 0;
		};
		D379E2DD261ED9E80088214D /* Sources */ = {
			isa = PBXSourcesBuildPhase;
			buildActionMask = 2147483647;
			files = (
				D379E2E6261ED9E80088214D /* LandmarksUITests.swift in Sources */,
			);
			runOnlyForDeploymentPostprocessing = 0;
		};
/* End PBXSourcesBuildPhase section */

/* Begin PBXTargetDependency section */
		D36AA7EE262405A7001C2ECF /* PBXTargetDependency */ = {
			isa = PBXTargetDependency;
			target = D36AA7EA262405A7001C2ECF /* WatchLandmarks Extension */;
			targetProxy = D36AA7ED262405A7001C2ECF /* PBXContainerItemProxy */;
		};
		D36AA802262405AA001C2ECF /* PBXTargetDependency */ = {
			isa = PBXTargetDependency;
			target = D36AA7E1262405A4001C2ECF /* WatchLandmarks */;
			targetProxy = D36AA801262405AA001C2ECF /* PBXContainerItemProxy */;
		};
		D36AA85126241FB7001C2ECF /* PBXTargetDependency */ = {
			isa = PBXTargetDependency;
			target = D36AA83D26241FB2001C2ECF /* MacLandmarks */;
			targetProxy = D36AA85026241FB7001C2ECF /* PBXContainerItemProxy */;
		};
		D36AA85C26241FB7001C2ECF /* PBXTargetDependency */ = {
			isa = PBXTargetDependency;
			target = D36AA83D26241FB2001C2ECF /* MacLandmarks */;
			targetProxy = D36AA85B26241FB7001C2ECF /* PBXContainerItemProxy */;
		};
		D379E2D8261ED9E80088214D /* PBXTargetDependency */ = {
			isa = PBXTargetDependency;
			target = D379E2C4261ED9E40088214D /* Landmarks */;
			targetProxy = D379E2D7261ED9E80088214D /* PBXContainerItemProxy */;
		};
		D379E2E3261ED9E80088214D /* PBXTargetDependency */ = {
			isa = PBXTargetDependency;
			target = D379E2C4261ED9E40088214D /* Landmarks */;
			targetProxy = D379E2E2261ED9E80088214D /* PBXContainerItemProxy */;
		};
/* End PBXTargetDependency section */

/* Begin XCBuildConfiguration section */
		D36AA805262405AA001C2ECF /* Debug */ = {
			isa = XCBuildConfiguration;
			buildSettings = {
				ASSETCATALOG_COMPILER_COMPLICATION_NAME = Complication;
				CODE_SIGN_STYLE = Automatic;
				DEVELOPMENT_ASSET_PATHS = "\"WatchLandmarks Extension/Preview Content\"";
				DEVELOPMENT_TEAM = 3C9BUVNG4D;
				ENABLE_PREVIEWS = YES;
				INFOPLIST_FILE = "WatchLandmarks Extension/Info.plist";
				LD_RUNPATH_SEARCH_PATHS = (
					"$(inherited)",
					"@executable_path/Frameworks",
					"@executable_path/../../Frameworks",
				);
				PRODUCT_BUNDLE_IDENTIFIER = jp.smaphonia.Landmarks.watchkitapp.watchkitextension;
				PRODUCT_NAME = "${TARGET_NAME}";
				SDKROOT = watchos;
				SKIP_INSTALL = YES;
				SWIFT_VERSION = 5.0;
				TARGETED_DEVICE_FAMILY = 4;
				WATCHOS_DEPLOYMENT_TARGET = 7.2;
			};
			name = Debug;
		};
		D36AA806262405AA001C2ECF /* Release */ = {
			isa = XCBuildConfiguration;
			buildSettings = {
				ASSETCATALOG_COMPILER_COMPLICATION_NAME = Complication;
				CODE_SIGN_STYLE = Automatic;
				DEVELOPMENT_ASSET_PATHS = "\"WatchLandmarks Extension/Preview Content\"";
				DEVELOPMENT_TEAM = 3C9BUVNG4D;
				ENABLE_PREVIEWS = YES;
				INFOPLIST_FILE = "WatchLandmarks Extension/Info.plist";
				LD_RUNPATH_SEARCH_PATHS = (
					"$(inherited)",
					"@executable_path/Frameworks",
					"@executable_path/../../Frameworks",
				);
				PRODUCT_BUNDLE_IDENTIFIER = jp.smaphonia.Landmarks.watchkitapp.watchkitextension;
				PRODUCT_NAME = "${TARGET_NAME}";
				SDKROOT = watchos;
				SKIP_INSTALL = YES;
				SWIFT_VERSION = 5.0;
				TARGETED_DEVICE_FAMILY = 4;
				WATCHOS_DEPLOYMENT_TARGET = 7.2;
			};
			name = Release;
		};
		D36AA809262405AA001C2ECF /* Debug */ = {
			isa = XCBuildConfiguration;
			buildSettings = {
				ALWAYS_EMBED_SWIFT_STANDARD_LIBRARIES = YES;
				ASSETCATALOG_COMPILER_APPICON_NAME = AppIcon;
				ASSETCATALOG_COMPILER_GLOBAL_ACCENT_COLOR_NAME = AccentColor;
				CODE_SIGN_STYLE = Automatic;
				DEVELOPMENT_TEAM = 3C9BUVNG4D;
				IBSC_MODULE = WatchLandmarks_Extension;
				INFOPLIST_FILE = WatchLandmarks/Info.plist;
				PRODUCT_BUNDLE_IDENTIFIER = jp.smaphonia.Landmarks.watchkitapp;
				PRODUCT_NAME = "$(TARGET_NAME)";
				SDKROOT = watchos;
				SKIP_INSTALL = YES;
				SWIFT_VERSION = 5.0;
				TARGETED_DEVICE_FAMILY = 4;
				WATCHOS_DEPLOYMENT_TARGET = 7.2;
			};
			name = Debug;
		};
		D36AA80A262405AA001C2ECF /* Release */ = {
			isa = XCBuildConfiguration;
			buildSettings = {
				ALWAYS_EMBED_SWIFT_STANDARD_LIBRARIES = YES;
				ASSETCATALOG_COMPILER_APPICON_NAME = AppIcon;
				ASSETCATALOG_COMPILER_GLOBAL_ACCENT_COLOR_NAME = AccentColor;
				CODE_SIGN_STYLE = Automatic;
				DEVELOPMENT_TEAM = 3C9BUVNG4D;
				IBSC_MODULE = WatchLandmarks_Extension;
				INFOPLIST_FILE = WatchLandmarks/Info.plist;
				PRODUCT_BUNDLE_IDENTIFIER = jp.smaphonia.Landmarks.watchkitapp;
				PRODUCT_NAME = "$(TARGET_NAME)";
				SDKROOT = watchos;
				SKIP_INSTALL = YES;
				SWIFT_VERSION = 5.0;
				TARGETED_DEVICE_FAMILY = 4;
				WATCHOS_DEPLOYMENT_TARGET = 7.2;
			};
			name = Release;
		};
		D36AA86226241FB7001C2ECF /* Debug */ = {
			isa = XCBuildConfiguration;
			buildSettings = {
				ASSETCATALOG_COMPILER_APPICON_NAME = AppIcon;
				ASSETCATALOG_COMPILER_GLOBAL_ACCENT_COLOR_NAME = AccentColor;
				CODE_SIGN_ENTITLEMENTS = MacLandmarks/MacLandmarks.entitlements;
				CODE_SIGN_STYLE = Automatic;
				COMBINE_HIDPI_IMAGES = YES;
				DEVELOPMENT_ASSET_PATHS = "\"MacLandmarks/Preview Content\"";
				DEVELOPMENT_TEAM = 3C9BUVNG4D;
				ENABLE_HARDENED_RUNTIME = YES;
				ENABLE_PREVIEWS = YES;
				INFOPLIST_FILE = MacLandmarks/Info.plist;
				LD_RUNPATH_SEARCH_PATHS = (
					"$(inherited)",
					"@executable_path/../Frameworks",
				);
				MACOSX_DEPLOYMENT_TARGET = 11.1;
				PRODUCT_BUNDLE_IDENTIFIER = jp.smaphonia.MacLandmarks;
				PRODUCT_NAME = "$(TARGET_NAME)";
				SDKROOT = macosx;
				SWIFT_VERSION = 5.0;
			};
			name = Debug;
		};
		D36AA86326241FB7001C2ECF /* Release */ = {
			isa = XCBuildConfiguration;
			buildSettings = {
				ASSETCATALOG_COMPILER_APPICON_NAME = AppIcon;
				ASSETCATALOG_COMPILER_GLOBAL_ACCENT_COLOR_NAME = AccentColor;
				CODE_SIGN_ENTITLEMENTS = MacLandmarks/MacLandmarks.entitlements;
				CODE_SIGN_STYLE = Automatic;
				COMBINE_HIDPI_IMAGES = YES;
				DEVELOPMENT_ASSET_PATHS = "\"MacLandmarks/Preview Content\"";
				DEVELOPMENT_TEAM = 3C9BUVNG4D;
				ENABLE_HARDENED_RUNTIME = YES;
				ENABLE_PREVIEWS = YES;
				INFOPLIST_FILE = MacLandmarks/Info.plist;
				LD_RUNPATH_SEARCH_PATHS = (
					"$(inherited)",
					"@executable_path/../Frameworks",
				);
				MACOSX_DEPLOYMENT_TARGET = 11.1;
				PRODUCT_BUNDLE_IDENTIFIER = jp.smaphonia.MacLandmarks;
				PRODUCT_NAME = "$(TARGET_NAME)";
				SDKROOT = macosx;
				SWIFT_VERSION = 5.0;
			};
			name = Release;
		};
		D36AA86526241FB7001C2ECF /* Debug */ = {
			isa = XCBuildConfiguration;
			buildSettings = {
				ALWAYS_EMBED_SWIFT_STANDARD_LIBRARIES = YES;
				BUNDLE_LOADER = "$(TEST_HOST)";
				CODE_SIGN_STYLE = Automatic;
				COMBINE_HIDPI_IMAGES = YES;
				DEVELOPMENT_TEAM = 3C9BUVNG4D;
				INFOPLIST_FILE = MacLandmarksTests/Info.plist;
				LD_RUNPATH_SEARCH_PATHS = (
					"$(inherited)",
					"@executable_path/../Frameworks",
					"@loader_path/../Frameworks",
				);
				MACOSX_DEPLOYMENT_TARGET = 11.1;
				PRODUCT_BUNDLE_IDENTIFIER = jp.smaphonia.MacLandmarksTests;
				PRODUCT_NAME = "$(TARGET_NAME)";
				SDKROOT = macosx;
				SWIFT_VERSION = 5.0;
				TEST_HOST = "$(BUILT_PRODUCTS_DIR)/MacLandmarks.app/Contents/MacOS/MacLandmarks";
			};
			name = Debug;
		};
		D36AA86626241FB7001C2ECF /* Release */ = {
			isa = XCBuildConfiguration;
			buildSettings = {
				ALWAYS_EMBED_SWIFT_STANDARD_LIBRARIES = YES;
				BUNDLE_LOADER = "$(TEST_HOST)";
				CODE_SIGN_STYLE = Automatic;
				COMBINE_HIDPI_IMAGES = YES;
				DEVELOPMENT_TEAM = 3C9BUVNG4D;
				INFOPLIST_FILE = MacLandmarksTests/Info.plist;
				LD_RUNPATH_SEARCH_PATHS = (
					"$(inherited)",
					"@executable_path/../Frameworks",
					"@loader_path/../Frameworks",
				);
				MACOSX_DEPLOYMENT_TARGET = 11.1;
				PRODUCT_BUNDLE_IDENTIFIER = jp.smaphonia.MacLandmarksTests;
				PRODUCT_NAME = "$(TARGET_NAME)";
				SDKROOT = macosx;
				SWIFT_VERSION = 5.0;
				TEST_HOST = "$(BUILT_PRODUCTS_DIR)/MacLandmarks.app/Contents/MacOS/MacLandmarks";
			};
			name = Release;
		};
		D36AA86826241FB7001C2ECF /* Debug */ = {
			isa = XCBuildConfiguration;
			buildSettings = {
				ALWAYS_EMBED_SWIFT_STANDARD_LIBRARIES = YES;
				CODE_SIGN_STYLE = Automatic;
				COMBINE_HIDPI_IMAGES = YES;
				DEVELOPMENT_TEAM = 3C9BUVNG4D;
				INFOPLIST_FILE = MacLandmarksUITests/Info.plist;
				LD_RUNPATH_SEARCH_PATHS = (
					"$(inherited)",
					"@executable_path/../Frameworks",
					"@loader_path/../Frameworks",
				);
				MACOSX_DEPLOYMENT_TARGET = 11.1;
				PRODUCT_BUNDLE_IDENTIFIER = jp.smaphonia.MacLandmarksUITests;
				PRODUCT_NAME = "$(TARGET_NAME)";
				SDKROOT = macosx;
				SWIFT_VERSION = 5.0;
				TEST_TARGET_NAME = MacLandmarks;
			};
			name = Debug;
		};
		D36AA86926241FB7001C2ECF /* Release */ = {
			isa = XCBuildConfiguration;
			buildSettings = {
				ALWAYS_EMBED_SWIFT_STANDARD_LIBRARIES = YES;
				CODE_SIGN_STYLE = Automatic;
				COMBINE_HIDPI_IMAGES = YES;
				DEVELOPMENT_TEAM = 3C9BUVNG4D;
				INFOPLIST_FILE = MacLandmarksUITests/Info.plist;
				LD_RUNPATH_SEARCH_PATHS = (
					"$(inherited)",
					"@executable_path/../Frameworks",
					"@loader_path/../Frameworks",
				);
				MACOSX_DEPLOYMENT_TARGET = 11.1;
				PRODUCT_BUNDLE_IDENTIFIER = jp.smaphonia.MacLandmarksUITests;
				PRODUCT_NAME = "$(TARGET_NAME)";
				SDKROOT = macosx;
				SWIFT_VERSION = 5.0;
				TEST_TARGET_NAME = MacLandmarks;
			};
			name = Release;
		};
		D379E2E8261ED9E80088214D /* Debug */ = {
			isa = XCBuildConfiguration;
			buildSettings = {
				ALWAYS_SEARCH_USER_PATHS = NO;
				CLANG_ANALYZER_NONNULL = YES;
				CLANG_ANALYZER_NUMBER_OBJECT_CONVERSION = YES_AGGRESSIVE;
				CLANG_CXX_LANGUAGE_STANDARD = "gnu++14";
				CLANG_CXX_LIBRARY = "libc++";
				CLANG_ENABLE_MODULES = YES;
				CLANG_ENABLE_OBJC_ARC = YES;
				CLANG_ENABLE_OBJC_WEAK = YES;
				CLANG_WARN_BLOCK_CAPTURE_AUTORELEASING = YES;
				CLANG_WARN_BOOL_CONVERSION = YES;
				CLANG_WARN_COMMA = YES;
				CLANG_WARN_CONSTANT_CONVERSION = YES;
				CLANG_WARN_DEPRECATED_OBJC_IMPLEMENTATIONS = YES;
				CLANG_WARN_DIRECT_OBJC_ISA_USAGE = YES_ERROR;
				CLANG_WARN_DOCUMENTATION_COMMENTS = YES;
				CLANG_WARN_EMPTY_BODY = YES;
				CLANG_WARN_ENUM_CONVERSION = YES;
				CLANG_WARN_INFINITE_RECURSION = YES;
				CLANG_WARN_INT_CONVERSION = YES;
				CLANG_WARN_NON_LITERAL_NULL_CONVERSION = YES;
				CLANG_WARN_OBJC_IMPLICIT_RETAIN_SELF = YES;
				CLANG_WARN_OBJC_LITERAL_CONVERSION = YES;
				CLANG_WARN_OBJC_ROOT_CLASS = YES_ERROR;
				CLANG_WARN_QUOTED_INCLUDE_IN_FRAMEWORK_HEADER = YES;
				CLANG_WARN_RANGE_LOOP_ANALYSIS = YES;
				CLANG_WARN_STRICT_PROTOTYPES = YES;
				CLANG_WARN_SUSPICIOUS_MOVE = YES;
				CLANG_WARN_UNGUARDED_AVAILABILITY = YES_AGGRESSIVE;
				CLANG_WARN_UNREACHABLE_CODE = YES;
				CLANG_WARN__DUPLICATE_METHOD_MATCH = YES;
				COPY_PHASE_STRIP = NO;
				DEBUG_INFORMATION_FORMAT = dwarf;
				ENABLE_STRICT_OBJC_MSGSEND = YES;
				ENABLE_TESTABILITY = YES;
				GCC_C_LANGUAGE_STANDARD = gnu11;
				GCC_DYNAMIC_NO_PIC = NO;
				GCC_NO_COMMON_BLOCKS = YES;
				GCC_OPTIMIZATION_LEVEL = 0;
				GCC_PREPROCESSOR_DEFINITIONS = (
					"DEBUG=1",
					"$(inherited)",
				);
				GCC_WARN_64_TO_32_BIT_CONVERSION = YES;
				GCC_WARN_ABOUT_RETURN_TYPE = YES_ERROR;
				GCC_WARN_UNDECLARED_SELECTOR = YES;
				GCC_WARN_UNINITIALIZED_AUTOS = YES_AGGRESSIVE;
				GCC_WARN_UNUSED_FUNCTION = YES;
				GCC_WARN_UNUSED_VARIABLE = YES;
				IPHONEOS_DEPLOYMENT_TARGET = 14.4;
				MTL_ENABLE_DEBUG_INFO = INCLUDE_SOURCE;
				MTL_FAST_MATH = YES;
				ONLY_ACTIVE_ARCH = YES;
				SDKROOT = iphoneos;
				SWIFT_ACTIVE_COMPILATION_CONDITIONS = DEBUG;
				SWIFT_OPTIMIZATION_LEVEL = "-Onone";
			};
			name = Debug;
		};
		D379E2E9261ED9E80088214D /* Release */ = {
			isa = XCBuildConfiguration;
			buildSettings = {
				ALWAYS_SEARCH_USER_PATHS = NO;
				CLANG_ANALYZER_NONNULL = YES;
				CLANG_ANALYZER_NUMBER_OBJECT_CONVERSION = YES_AGGRESSIVE;
				CLANG_CXX_LANGUAGE_STANDARD = "gnu++14";
				CLANG_CXX_LIBRARY = "libc++";
				CLANG_ENABLE_MODULES = YES;
				CLANG_ENABLE_OBJC_ARC = YES;
				CLANG_ENABLE_OBJC_WEAK = YES;
				CLANG_WARN_BLOCK_CAPTURE_AUTORELEASING = YES;
				CLANG_WARN_BOOL_CONVERSION = YES;
				CLANG_WARN_COMMA = YES;
				CLANG_WARN_CONSTANT_CONVERSION = YES;
				CLANG_WARN_DEPRECATED_OBJC_IMPLEMENTATIONS = YES;
				CLANG_WARN_DIRECT_OBJC_ISA_USAGE = YES_ERROR;
				CLANG_WARN_DOCUMENTATION_COMMENTS = YES;
				CLANG_WARN_EMPTY_BODY = YES;
				CLANG_WARN_ENUM_CONVERSION = YES;
				CLANG_WARN_INFINITE_RECURSION = YES;
				CLANG_WARN_INT_CONVERSION = YES;
				CLANG_WARN_NON_LITERAL_NULL_CONVERSION = YES;
				CLANG_WARN_OBJC_IMPLICIT_RETAIN_SELF = YES;
				CLANG_WARN_OBJC_LITERAL_CONVERSION = YES;
				CLANG_WARN_OBJC_ROOT_CLASS = YES_ERROR;
				CLANG_WARN_QUOTED_INCLUDE_IN_FRAMEWORK_HEADER = YES;
				CLANG_WARN_RANGE_LOOP_ANALYSIS = YES;
				CLANG_WARN_STRICT_PROTOTYPES = YES;
				CLANG_WARN_SUSPICIOUS_MOVE = YES;
				CLANG_WARN_UNGUARDED_AVAILABILITY = YES_AGGRESSIVE;
				CLANG_WARN_UNREACHABLE_CODE = YES;
				CLANG_WARN__DUPLICATE_METHOD_MATCH = YES;
				COPY_PHASE_STRIP = NO;
				DEBUG_INFORMATION_FORMAT = "dwarf-with-dsym";
				ENABLE_NS_ASSERTIONS = NO;
				ENABLE_STRICT_OBJC_MSGSEND = YES;
				GCC_C_LANGUAGE_STANDARD = gnu11;
				GCC_NO_COMMON_BLOCKS = YES;
				GCC_WARN_64_TO_32_BIT_CONVERSION = YES;
				GCC_WARN_ABOUT_RETURN_TYPE = YES_ERROR;
				GCC_WARN_UNDECLARED_SELECTOR = YES;
				GCC_WARN_UNINITIALIZED_AUTOS = YES_AGGRESSIVE;
				GCC_WARN_UNUSED_FUNCTION = YES;
				GCC_WARN_UNUSED_VARIABLE = YES;
				IPHONEOS_DEPLOYMENT_TARGET = 14.4;
				MTL_ENABLE_DEBUG_INFO = NO;
				MTL_FAST_MATH = YES;
				SDKROOT = iphoneos;
				SWIFT_COMPILATION_MODE = wholemodule;
				SWIFT_OPTIMIZATION_LEVEL = "-O";
				VALIDATE_PRODUCT = YES;
			};
			name = Release;
		};
		D379E2EB261ED9E80088214D /* Debug */ = {
			isa = XCBuildConfiguration;
			buildSettings = {
				ASSETCATALOG_COMPILER_APPICON_NAME = AppIcon;
				ASSETCATALOG_COMPILER_GLOBAL_ACCENT_COLOR_NAME = AccentColor;
				CODE_SIGN_STYLE = Automatic;
				DEVELOPMENT_ASSET_PATHS = "\"Landmarks/Preview Content\"";
				DEVELOPMENT_TEAM = 3C9BUVNG4D;
				ENABLE_PREVIEWS = YES;
				INFOPLIST_FILE = Landmarks/Info.plist;
				IPHONEOS_DEPLOYMENT_TARGET = 14.0;
				LD_RUNPATH_SEARCH_PATHS = (
					"$(inherited)",
					"@executable_path/Frameworks",
				);
				PRODUCT_BUNDLE_IDENTIFIER = jp.smaphonia.Landmarks;
				PRODUCT_NAME = "$(TARGET_NAME)";
				SWIFT_VERSION = 5.0;
				TARGETED_DEVICE_FAMILY = "1,2";
			};
			name = Debug;
		};
		D379E2EC261ED9E80088214D /* Release */ = {
			isa = XCBuildConfiguration;
			buildSettings = {
				ASSETCATALOG_COMPILER_APPICON_NAME = AppIcon;
				ASSETCATALOG_COMPILER_GLOBAL_ACCENT_COLOR_NAME = AccentColor;
				CODE_SIGN_STYLE = Automatic;
				DEVELOPMENT_ASSET_PATHS = "\"Landmarks/Preview Content\"";
				DEVELOPMENT_TEAM = 3C9BUVNG4D;
				ENABLE_PREVIEWS = YES;
				INFOPLIST_FILE = Landmarks/Info.plist;
				IPHONEOS_DEPLOYMENT_TARGET = 14.0;
				LD_RUNPATH_SEARCH_PATHS = (
					"$(inherited)",
					"@executable_path/Frameworks",
				);
				PRODUCT_BUNDLE_IDENTIFIER = jp.smaphonia.Landmarks;
				PRODUCT_NAME = "$(TARGET_NAME)";
				SWIFT_VERSION = 5.0;
				TARGETED_DEVICE_FAMILY = "1,2";
			};
			name = Release;
		};
		D379E2EE261ED9E80088214D /* Debug */ = {
			isa = XCBuildConfiguration;
			buildSettings = {
				ALWAYS_EMBED_SWIFT_STANDARD_LIBRARIES = YES;
				BUNDLE_LOADER = "$(TEST_HOST)";
				CODE_SIGN_STYLE = Automatic;
				DEVELOPMENT_TEAM = 3C9BUVNG4D;
				INFOPLIST_FILE = LandmarksTests/Info.plist;
				IPHONEOS_DEPLOYMENT_TARGET = 14.0;
				LD_RUNPATH_SEARCH_PATHS = (
					"$(inherited)",
					"@executable_path/Frameworks",
					"@loader_path/Frameworks",
				);
				PRODUCT_BUNDLE_IDENTIFIER = jp.smaphonia.LandmarksTests;
				PRODUCT_NAME = "$(TARGET_NAME)";
				SWIFT_VERSION = 5.0;
				TARGETED_DEVICE_FAMILY = "1,2";
				TEST_HOST = "$(BUILT_PRODUCTS_DIR)/Landmarks.app/Landmarks";
			};
			name = Debug;
		};
		D379E2EF261ED9E80088214D /* Release */ = {
			isa = XCBuildConfiguration;
			buildSettings = {
				ALWAYS_EMBED_SWIFT_STANDARD_LIBRARIES = YES;
				BUNDLE_LOADER = "$(TEST_HOST)";
				CODE_SIGN_STYLE = Automatic;
				DEVELOPMENT_TEAM = 3C9BUVNG4D;
				INFOPLIST_FILE = LandmarksTests/Info.plist;
				IPHONEOS_DEPLOYMENT_TARGET = 14.0;
				LD_RUNPATH_SEARCH_PATHS = (
					"$(inherited)",
					"@executable_path/Frameworks",
					"@loader_path/Frameworks",
				);
				PRODUCT_BUNDLE_IDENTIFIER = jp.smaphonia.LandmarksTests;
				PRODUCT_NAME = "$(TARGET_NAME)";
				SWIFT_VERSION = 5.0;
				TARGETED_DEVICE_FAMILY = "1,2";
				TEST_HOST = "$(BUILT_PRODUCTS_DIR)/Landmarks.app/Landmarks";
			};
			name = Release;
		};
		D379E2F1261ED9E80088214D /* Debug */ = {
			isa = XCBuildConfiguration;
			buildSettings = {
				ALWAYS_EMBED_SWIFT_STANDARD_LIBRARIES = YES;
				CODE_SIGN_STYLE = Automatic;
				DEVELOPMENT_TEAM = 3C9BUVNG4D;
				INFOPLIST_FILE = LandmarksUITests/Info.plist;
				LD_RUNPATH_SEARCH_PATHS = (
					"$(inherited)",
					"@executable_path/Frameworks",
					"@loader_path/Frameworks",
				);
				PRODUCT_BUNDLE_IDENTIFIER = jp.smaphonia.LandmarksUITests;
				PRODUCT_NAME = "$(TARGET_NAME)";
				SWIFT_VERSION = 5.0;
				TARGETED_DEVICE_FAMILY = "1,2";
				TEST_TARGET_NAME = Landmarks;
			};
			name = Debug;
		};
		D379E2F2261ED9E80088214D /* Release */ = {
			isa = XCBuildConfiguration;
			buildSettings = {
				ALWAYS_EMBED_SWIFT_STANDARD_LIBRARIES = YES;
				CODE_SIGN_STYLE = Automatic;
				DEVELOPMENT_TEAM = 3C9BUVNG4D;
				INFOPLIST_FILE = LandmarksUITests/Info.plist;
				LD_RUNPATH_SEARCH_PATHS = (
					"$(inherited)",
					"@executable_path/Frameworks",
					"@loader_path/Frameworks",
				);
				PRODUCT_BUNDLE_IDENTIFIER = jp.smaphonia.LandmarksUITests;
				PRODUCT_NAME = "$(TARGET_NAME)";
				SWIFT_VERSION = 5.0;
				TARGETED_DEVICE_FAMILY = "1,2";
				TEST_TARGET_NAME = Landmarks;
			};
			name = Release;
		};
/* End XCBuildConfiguration section */

/* Begin XCConfigurationList section */
		D36AA804262405AA001C2ECF /* Build configuration list for PBXNativeTarget "WatchLandmarks Extension" */ = {
			isa = XCConfigurationList;
			buildConfigurations = (
				D36AA805262405AA001C2ECF /* Debug */,
				D36AA806262405AA001C2ECF /* Release */,
			);
			defaultConfigurationIsVisible = 0;
			defaultConfigurationName = Release;
		};
		D36AA808262405AA001C2ECF /* Build configuration list for PBXNativeTarget "WatchLandmarks" */ = {
			isa = XCConfigurationList;
			buildConfigurations = (
				D36AA809262405AA001C2ECF /* Debug */,
				D36AA80A262405AA001C2ECF /* Release */,
			);
			defaultConfigurationIsVisible = 0;
			defaultConfigurationName = Release;
		};
		D36AA86126241FB7001C2ECF /* Build configuration list for PBXNativeTarget "MacLandmarks" */ = {
			isa = XCConfigurationList;
			buildConfigurations = (
				D36AA86226241FB7001C2ECF /* Debug */,
				D36AA86326241FB7001C2ECF /* Release */,
			);
			defaultConfigurationIsVisible = 0;
			defaultConfigurationName = Release;
		};
		D36AA86426241FB7001C2ECF /* Build configuration list for PBXNativeTarget "MacLandmarksTests" */ = {
			isa = XCConfigurationList;
			buildConfigurations = (
				D36AA86526241FB7001C2ECF /* Debug */,
				D36AA86626241FB7001C2ECF /* Release */,
			);
			defaultConfigurationIsVisible = 0;
			defaultConfigurationName = Release;
		};
		D36AA86726241FB7001C2ECF /* Build configuration list for PBXNativeTarget "MacLandmarksUITests" */ = {
			isa = XCConfigurationList;
			buildConfigurations = (
				D36AA86826241FB7001C2ECF /* Debug */,
				D36AA86926241FB7001C2ECF /* Release */,
			);
			defaultConfigurationIsVisible = 0;
			defaultConfigurationName = Release;
		};
		D379E2C0261ED9E40088214D /* Build configuration list for PBXProject "Landmarks" */ = {
			isa = XCConfigurationList;
			buildConfigurations = (
				D379E2E8261ED9E80088214D /* Debug */,
				D379E2E9261ED9E80088214D /* Release */,
			);
			defaultConfigurationIsVisible = 0;
			defaultConfigurationName = Release;
		};
		D379E2EA261ED9E80088214D /* Build configuration list for PBXNativeTarget "Landmarks" */ = {
			isa = XCConfigurationList;
			buildConfigurations = (
				D379E2EB261ED9E80088214D /* Debug */,
				D379E2EC261ED9E80088214D /* Release */,
			);
			defaultConfigurationIsVisible = 0;
			defaultConfigurationName = Release;
		};
		D379E2ED261ED9E80088214D /* Build configuration list for PBXNativeTarget "LandmarksTests" */ = {
			isa = XCConfigurationList;
			buildConfigurations = (
				D379E2EE261ED9E80088214D /* Debug */,
				D379E2EF261ED9E80088214D /* Release */,
			);
			defaultConfigurationIsVisible = 0;
			defaultConfigurationName = Release;
		};
		D379E2F0261ED9E80088214D /* Build configuration list for PBXNativeTarget "LandmarksUITests" */ = {
			isa = XCConfigurationList;
			buildConfigurations = (
				D379E2F1261ED9E80088214D /* Debug */,
				D379E2F2261ED9E80088214D /* Release */,
			);
			defaultConfigurationIsVisible = 0;
			defaultConfigurationName = Release;
		};
/* End XCConfigurationList section */
	};
	rootObject = D379E2BD261ED9E40088214D /* Project object */;
}
